// !$*UTF8*$!
{
	archiveVersion = 1;
	classes = {
	};
	objectVersion = 48;
	objects = {

/* Begin PBXBuildFile section */
		03D7B2EF1AE083BA2B0F0D88 /* libPods-Lumos.a in Frameworks */ = {isa = PBXBuildFile; fileRef = 34E28A020DCE8EB80280E4E2 /* libPods-Lumos.a */; };
		4B74C8C2205A23A40050A105 /* LUEditController.m in Sources */ = {isa = PBXBuildFile; fileRef = 4B74C8C1205A23A40050A105 /* LUEditController.m */; };
		4B74C8C5205A23D10050A105 /* LUPostController.m in Sources */ = {isa = PBXBuildFile; fileRef = 4B74C8C4205A23D10050A105 /* LUPostController.m */; };
		4B74C8C8205A26180050A105 /* LUEpisode.m in Sources */ = {isa = PBXBuildFile; fileRef = 4B74C8C7205A26180050A105 /* LUEpisode.m */; };
		4B74C8CB205A27E90050A105 /* LUEpisodeCell.m in Sources */ = {isa = PBXBuildFile; fileRef = 4B74C8CA205A27E90050A105 /* LUEpisodeCell.m */; };
		4B74C93A205A39930050A105 /* UUAlert.m in Sources */ = {isa = PBXBuildFile; fileRef = 4B74C936205A39930050A105 /* UUAlert.m */; };
		4B74C93E205A39990050A105 /* UUColor.m in Sources */ = {isa = PBXBuildFile; fileRef = 4B74C93C205A39990050A105 /* UUColor.m */; };
		4B74C941205A39A00050A105 /* UUDate.m in Sources */ = {isa = PBXBuildFile; fileRef = 4B74C93F205A39A00050A105 /* UUDate.m */; };
		4B74C948205A39AB0050A105 /* UUImageView.m in Sources */ = {isa = PBXBuildFile; fileRef = 4B74C942205A39AA0050A105 /* UUImageView.m */; };
		4B74C949205A39AB0050A105 /* UUImageCache.m in Sources */ = {isa = PBXBuildFile; fileRef = 4B74C943205A39AA0050A105 /* UUImageCache.m */; };
		4B74C94A205A39AB0050A105 /* UUImage.m in Sources */ = {isa = PBXBuildFile; fileRef = 4B74C946205A39AB0050A105 /* UUImage.m */; };
		4B74C94F205A39CD0050A105 /* UUHttpResponseHandler.m in Sources */ = {isa = PBXBuildFile; fileRef = 4B74C94D205A39CC0050A105 /* UUHttpResponseHandler.m */; };
		4B74C950205A39CD0050A105 /* UUHttpSession.m in Sources */ = {isa = PBXBuildFile; fileRef = 4B74C94E205A39CD0050A105 /* UUHttpSession.m */; };
		4B74C953205A39DC0050A105 /* UURemoteData.m in Sources */ = {isa = PBXBuildFile; fileRef = 4B74C952205A39DB0050A105 /* UURemoteData.m */; };
		4B74C956205A39E30050A105 /* UUDataCache.m in Sources */ = {isa = PBXBuildFile; fileRef = 4B74C955205A39E30050A105 /* UUDataCache.m */; };
		4B74C959205A3F4A0050A105 /* LUSegmentCell.m in Sources */ = {isa = PBXBuildFile; fileRef = 4B74C958205A3F4A0050A105 /* LUSegmentCell.m */; };
		4B74C95D205CB2030050A105 /* PopoverView.m in Sources */ = {isa = PBXBuildFile; fileRef = 4B74C95C205CB2030050A105 /* PopoverView.m */; };
		4B74C966205D75CB0050A105 /* test.m4a in CopyFiles */ = {isa = PBXBuildFile; fileRef = 4B74C962205D75860050A105 /* test.m4a */; };
		4B74C969205D77760050A105 /* UUString.m in Sources */ = {isa = PBXBuildFile; fileRef = 4B74C968205D77760050A105 /* UUString.m */; };
		4B881CA72061492C008A4C13 /* LUSplitController.m in Sources */ = {isa = PBXBuildFile; fileRef = 4B881CA62061492B008A4C13 /* LUSplitController.m */; };
		4B881CAA20614AA2008A4C13 /* LUSegment.m in Sources */ = {isa = PBXBuildFile; fileRef = 4B881CA920614AA2008A4C13 /* LUSegment.m */; };
		C5357B2520602B750067413C /* LUAudioRecorder.m in Sources */ = {isa = PBXBuildFile; fileRef = C5357B2420602B750067413C /* LUAudioRecorder.m */; };
		C5DC329C205774A600D0594B /* LUAppDelegate.m in Sources */ = {isa = PBXBuildFile; fileRef = C5DC329B205774A600D0594B /* LUAppDelegate.m */; };
		C5DC32A2205774A600D0594B /* Main.storyboard in Resources */ = {isa = PBXBuildFile; fileRef = C5DC32A0205774A600D0594B /* Main.storyboard */; };
		C5DC32A4205774A600D0594B /* Assets.xcassets in Resources */ = {isa = PBXBuildFile; fileRef = C5DC32A3205774A600D0594B /* Assets.xcassets */; };
		C5DC32A7205774A600D0594B /* LaunchScreen.storyboard in Resources */ = {isa = PBXBuildFile; fileRef = C5DC32A5205774A600D0594B /* LaunchScreen.storyboard */; };
		C5DC32AA205774A600D0594B /* main.m in Sources */ = {isa = PBXBuildFile; fileRef = C5DC32A9205774A600D0594B /* main.m */; };
		C5DC32BB205780F000D0594B /* LUMainViewController.m in Sources */ = {isa = PBXBuildFile; fileRef = C5DC32B9205780F000D0594B /* LUMainViewController.m */; };
		C5DC32C020586E8500D0594B /* LUAudioClip.m in Sources */ = {isa = PBXBuildFile; fileRef = C5DC32BF20586E8500D0594B /* LUAudioClip.m */; };
/* End PBXBuildFile section */

/* Begin PBXCopyFilesBuildPhase section */
		4B74C965205D75BB0050A105 /* CopyFiles */ = {
			isa = PBXCopyFilesBuildPhase;
			buildActionMask = 2147483647;
			dstPath = Music;
			dstSubfolderSpec = 7;
			files = (
				4B74C966205D75CB0050A105 /* test.m4a in CopyFiles */,
			);
			runOnlyForDeploymentPostprocessing = 0;
		};
/* End PBXCopyFilesBuildPhase section */

/* Begin PBXFileReference section */
		34E28A020DCE8EB80280E4E2 /* libPods-Lumos.a */ = {isa = PBXFileReference; explicitFileType = archive.ar; includeInIndex = 0; path = "libPods-Lumos.a"; sourceTree = BUILT_PRODUCTS_DIR; };
		4B74C8C0205A23A40050A105 /* LUEditController.h */ = {isa = PBXFileReference; lastKnownFileType = sourcecode.c.h; path = LUEditController.h; sourceTree = "<group>"; };
		4B74C8C1205A23A40050A105 /* LUEditController.m */ = {isa = PBXFileReference; lastKnownFileType = sourcecode.c.objc; path = LUEditController.m; sourceTree = "<group>"; };
		4B74C8C3205A23D10050A105 /* LUPostController.h */ = {isa = PBXFileReference; lastKnownFileType = sourcecode.c.h; path = LUPostController.h; sourceTree = "<group>"; };
		4B74C8C4205A23D10050A105 /* LUPostController.m */ = {isa = PBXFileReference; lastKnownFileType = sourcecode.c.objc; path = LUPostController.m; sourceTree = "<group>"; };
		4B74C8C6205A26180050A105 /* LUEpisode.h */ = {isa = PBXFileReference; lastKnownFileType = sourcecode.c.h; path = LUEpisode.h; sourceTree = "<group>"; };
		4B74C8C7205A26180050A105 /* LUEpisode.m */ = {isa = PBXFileReference; lastKnownFileType = sourcecode.c.objc; path = LUEpisode.m; sourceTree = "<group>"; };
		4B74C8C9205A27E90050A105 /* LUEpisodeCell.h */ = {isa = PBXFileReference; lastKnownFileType = sourcecode.c.h; path = LUEpisodeCell.h; sourceTree = "<group>"; };
		4B74C8CA205A27E90050A105 /* LUEpisodeCell.m */ = {isa = PBXFileReference; lastKnownFileType = sourcecode.c.objc; path = LUEpisodeCell.m; sourceTree = "<group>"; };
		4B74C936205A39930050A105 /* UUAlert.m */ = {isa = PBXFileReference; fileEncoding = 4; lastKnownFileType = sourcecode.c.objc; path = UUAlert.m; sourceTree = "<group>"; };
		4B74C939205A39930050A105 /* UUAlert.h */ = {isa = PBXFileReference; fileEncoding = 4; lastKnownFileType = sourcecode.c.h; path = UUAlert.h; sourceTree = "<group>"; };
		4B74C93C205A39990050A105 /* UUColor.m */ = {isa = PBXFileReference; fileEncoding = 4; lastKnownFileType = sourcecode.c.objc; path = UUColor.m; sourceTree = "<group>"; };
		4B74C93D205A39990050A105 /* UUColor.h */ = {isa = PBXFileReference; fileEncoding = 4; lastKnownFileType = sourcecode.c.h; path = UUColor.h; sourceTree = "<group>"; };
		4B74C93F205A39A00050A105 /* UUDate.m */ = {isa = PBXFileReference; fileEncoding = 4; lastKnownFileType = sourcecode.c.objc; path = UUDate.m; sourceTree = "<group>"; };
		4B74C940205A39A00050A105 /* UUDate.h */ = {isa = PBXFileReference; fileEncoding = 4; lastKnownFileType = sourcecode.c.h; path = UUDate.h; sourceTree = "<group>"; };
		4B74C942205A39AA0050A105 /* UUImageView.m */ = {isa = PBXFileReference; fileEncoding = 4; lastKnownFileType = sourcecode.c.objc; path = UUImageView.m; sourceTree = "<group>"; };
		4B74C943205A39AA0050A105 /* UUImageCache.m */ = {isa = PBXFileReference; fileEncoding = 4; lastKnownFileType = sourcecode.c.objc; path = UUImageCache.m; sourceTree = "<group>"; };
		4B74C944205A39AB0050A105 /* UUImage.h */ = {isa = PBXFileReference; fileEncoding = 4; lastKnownFileType = sourcecode.c.h; path = UUImage.h; sourceTree = "<group>"; };
		4B74C945205A39AB0050A105 /* UUImageView.h */ = {isa = PBXFileReference; fileEncoding = 4; lastKnownFileType = sourcecode.c.h; path = UUImageView.h; sourceTree = "<group>"; };
		4B74C946205A39AB0050A105 /* UUImage.m */ = {isa = PBXFileReference; fileEncoding = 4; lastKnownFileType = sourcecode.c.objc; path = UUImage.m; sourceTree = "<group>"; };
		4B74C947205A39AB0050A105 /* UUImageCache.h */ = {isa = PBXFileReference; fileEncoding = 4; lastKnownFileType = sourcecode.c.h; path = UUImageCache.h; sourceTree = "<group>"; };
		4B74C94B205A39CC0050A105 /* UUHttpResponseHandler.h */ = {isa = PBXFileReference; fileEncoding = 4; lastKnownFileType = sourcecode.c.h; path = UUHttpResponseHandler.h; sourceTree = "<group>"; };
		4B74C94C205A39CC0050A105 /* UUHttpSession.h */ = {isa = PBXFileReference; fileEncoding = 4; lastKnownFileType = sourcecode.c.h; path = UUHttpSession.h; sourceTree = "<group>"; };
		4B74C94D205A39CC0050A105 /* UUHttpResponseHandler.m */ = {isa = PBXFileReference; fileEncoding = 4; lastKnownFileType = sourcecode.c.objc; path = UUHttpResponseHandler.m; sourceTree = "<group>"; };
		4B74C94E205A39CD0050A105 /* UUHttpSession.m */ = {isa = PBXFileReference; fileEncoding = 4; lastKnownFileType = sourcecode.c.objc; path = UUHttpSession.m; sourceTree = "<group>"; };
		4B74C951205A39DB0050A105 /* UURemoteData.h */ = {isa = PBXFileReference; fileEncoding = 4; lastKnownFileType = sourcecode.c.h; path = UURemoteData.h; sourceTree = "<group>"; };
		4B74C952205A39DB0050A105 /* UURemoteData.m */ = {isa = PBXFileReference; fileEncoding = 4; lastKnownFileType = sourcecode.c.objc; path = UURemoteData.m; sourceTree = "<group>"; };
		4B74C954205A39E20050A105 /* UUDataCache.h */ = {isa = PBXFileReference; fileEncoding = 4; lastKnownFileType = sourcecode.c.h; path = UUDataCache.h; sourceTree = "<group>"; };
		4B74C955205A39E30050A105 /* UUDataCache.m */ = {isa = PBXFileReference; fileEncoding = 4; lastKnownFileType = sourcecode.c.objc; path = UUDataCache.m; sourceTree = "<group>"; };
		4B74C957205A3F4A0050A105 /* LUSegmentCell.h */ = {isa = PBXFileReference; lastKnownFileType = sourcecode.c.h; path = LUSegmentCell.h; sourceTree = "<group>"; };
		4B74C958205A3F4A0050A105 /* LUSegmentCell.m */ = {isa = PBXFileReference; lastKnownFileType = sourcecode.c.objc; path = LUSegmentCell.m; sourceTree = "<group>"; };
		4B74C95A205CB2020050A105 /* PopoverView_Configuration.h */ = {isa = PBXFileReference; fileEncoding = 4; lastKnownFileType = sourcecode.c.h; name = PopoverView_Configuration.h; path = shared/PopoverView/PopoverView_Configuration.h; sourceTree = "<group>"; };
		4B74C95B205CB2030050A105 /* PopoverView.h */ = {isa = PBXFileReference; fileEncoding = 4; lastKnownFileType = sourcecode.c.h; name = PopoverView.h; path = shared/PopoverView/PopoverView.h; sourceTree = "<group>"; };
		4B74C95C205CB2030050A105 /* PopoverView.m */ = {isa = PBXFileReference; fileEncoding = 4; lastKnownFileType = sourcecode.c.objc; name = PopoverView.m; path = shared/PopoverView/PopoverView.m; sourceTree = "<group>"; };
		4B74C962205D75860050A105 /* test.m4a */ = {isa = PBXFileReference; lastKnownFileType = file; name = test.m4a; path = Music/test.m4a; sourceTree = "<group>"; };
		4B74C967205D77760050A105 /* UUString.h */ = {isa = PBXFileReference; fileEncoding = 4; lastKnownFileType = sourcecode.c.h; path = UUString.h; sourceTree = "<group>"; };
		4B74C968205D77760050A105 /* UUString.m */ = {isa = PBXFileReference; fileEncoding = 4; lastKnownFileType = sourcecode.c.objc; path = UUString.m; sourceTree = "<group>"; };
		4B881CA52061492B008A4C13 /* LUSplitController.h */ = {isa = PBXFileReference; lastKnownFileType = sourcecode.c.h; path = LUSplitController.h; sourceTree = "<group>"; };
		4B881CA62061492B008A4C13 /* LUSplitController.m */ = {isa = PBXFileReference; lastKnownFileType = sourcecode.c.objc; path = LUSplitController.m; sourceTree = "<group>"; };
		4B881CA820614AA2008A4C13 /* LUSegment.h */ = {isa = PBXFileReference; lastKnownFileType = sourcecode.c.h; path = LUSegment.h; sourceTree = "<group>"; };
		4B881CA920614AA2008A4C13 /* LUSegment.m */ = {isa = PBXFileReference; lastKnownFileType = sourcecode.c.objc; path = LUSegment.m; sourceTree = "<group>"; };
		7C13C85763A56F0C388DEA20 /* Pods-Lumos.release.xcconfig */ = {isa = PBXFileReference; includeInIndex = 1; lastKnownFileType = text.xcconfig; name = "Pods-Lumos.release.xcconfig"; path = "Pods/Target Support Files/Pods-Lumos/Pods-Lumos.release.xcconfig"; sourceTree = "<group>"; };
		9CA3ED3895EE9FE2D946DF9D /* Pods-Lumos.debug.xcconfig */ = {isa = PBXFileReference; includeInIndex = 1; lastKnownFileType = text.xcconfig; name = "Pods-Lumos.debug.xcconfig"; path = "Pods/Target Support Files/Pods-Lumos/Pods-Lumos.debug.xcconfig"; sourceTree = "<group>"; };
		C5357B2320602B750067413C /* LUAudioRecorder.h */ = {isa = PBXFileReference; lastKnownFileType = sourcecode.c.h; path = LUAudioRecorder.h; sourceTree = "<group>"; };
		C5357B2420602B750067413C /* LUAudioRecorder.m */ = {isa = PBXFileReference; lastKnownFileType = sourcecode.c.objc; path = LUAudioRecorder.m; sourceTree = "<group>"; };
		C5DC3297205774A600D0594B /* Lumos.app */ = {isa = PBXFileReference; explicitFileType = wrapper.application; includeInIndex = 0; path = Lumos.app; sourceTree = BUILT_PRODUCTS_DIR; };
		C5DC329A205774A600D0594B /* LUAppDelegate.h */ = {isa = PBXFileReference; lastKnownFileType = sourcecode.c.h; path = LUAppDelegate.h; sourceTree = "<group>"; };
		C5DC329B205774A600D0594B /* LUAppDelegate.m */ = {isa = PBXFileReference; lastKnownFileType = sourcecode.c.objc; path = LUAppDelegate.m; sourceTree = "<group>"; };
		C5DC32A1205774A600D0594B /* Base */ = {isa = PBXFileReference; lastKnownFileType = file.storyboard; name = Base; path = Base.lproj/Main.storyboard; sourceTree = "<group>"; };
		C5DC32A3205774A600D0594B /* Assets.xcassets */ = {isa = PBXFileReference; lastKnownFileType = folder.assetcatalog; path = Assets.xcassets; sourceTree = "<group>"; };
		C5DC32A6205774A600D0594B /* Base */ = {isa = PBXFileReference; lastKnownFileType = file.storyboard; name = Base; path = Base.lproj/LaunchScreen.storyboard; sourceTree = "<group>"; };
		C5DC32A8205774A600D0594B /* Info.plist */ = {isa = PBXFileReference; lastKnownFileType = text.plist.xml; path = Info.plist; sourceTree = "<group>"; };
		C5DC32A9205774A600D0594B /* main.m */ = {isa = PBXFileReference; lastKnownFileType = sourcecode.c.objc; path = main.m; sourceTree = "<group>"; };
		C5DC32B8205780F000D0594B /* LUMainViewController.h */ = {isa = PBXFileReference; lastKnownFileType = sourcecode.c.h; path = LUMainViewController.h; sourceTree = "<group>"; };
		C5DC32B9205780F000D0594B /* LUMainViewController.m */ = {isa = PBXFileReference; lastKnownFileType = sourcecode.c.objc; path = LUMainViewController.m; sourceTree = "<group>"; };
		C5DC32BE20586E8500D0594B /* LUAudioClip.h */ = {isa = PBXFileReference; lastKnownFileType = sourcecode.c.h; path = LUAudioClip.h; sourceTree = "<group>"; };
		C5DC32BF20586E8500D0594B /* LUAudioClip.m */ = {isa = PBXFileReference; lastKnownFileType = sourcecode.c.objc; path = LUAudioClip.m; sourceTree = "<group>"; };
/* End PBXFileReference section */

/* Begin PBXFrameworksBuildPhase section */
		C5DC3294205774A600D0594B /* Frameworks */ = {
			isa = PBXFrameworksBuildPhase;
			buildActionMask = 2147483647;
			files = (
				03D7B2EF1AE083BA2B0F0D88 /* libPods-Lumos.a in Frameworks */,
			);
			runOnlyForDeploymentPostprocessing = 0;
		};
/* End PBXFrameworksBuildPhase section */

/* Begin PBXGroup section */
		4B74C8CC205A39670050A105 /* UU */ = {
			isa = PBXGroup;
			children = (
				4B74C939205A39930050A105 /* UUAlert.h */,
				4B74C936205A39930050A105 /* UUAlert.m */,
				4B74C93D205A39990050A105 /* UUColor.h */,
				4B74C93C205A39990050A105 /* UUColor.m */,
				4B74C940205A39A00050A105 /* UUDate.h */,
				4B74C93F205A39A00050A105 /* UUDate.m */,
				4B74C944205A39AB0050A105 /* UUImage.h */,
				4B74C946205A39AB0050A105 /* UUImage.m */,
				4B74C947205A39AB0050A105 /* UUImageCache.h */,
				4B74C943205A39AA0050A105 /* UUImageCache.m */,
				4B74C945205A39AB0050A105 /* UUImageView.h */,
				4B74C942205A39AA0050A105 /* UUImageView.m */,
				4B74C94B205A39CC0050A105 /* UUHttpResponseHandler.h */,
				4B74C94D205A39CC0050A105 /* UUHttpResponseHandler.m */,
				4B74C94C205A39CC0050A105 /* UUHttpSession.h */,
				4B74C94E205A39CD0050A105 /* UUHttpSession.m */,
				4B74C951205A39DB0050A105 /* UURemoteData.h */,
				4B74C952205A39DB0050A105 /* UURemoteData.m */,
				4B74C954205A39E20050A105 /* UUDataCache.h */,
				4B74C955205A39E30050A105 /* UUDataCache.m */,
				4B74C967205D77760050A105 /* UUString.h */,
				4B74C968205D77760050A105 /* UUString.m */,
			);
			name = UU;
			path = shared/UU;
			sourceTree = "<group>";
		};
		4B74C95E205CB2070050A105 /* PopoverView */ = {
			isa = PBXGroup;
			children = (
				4B74C95A205CB2020050A105 /* PopoverView_Configuration.h */,
				4B74C95B205CB2030050A105 /* PopoverView.h */,
				4B74C95C205CB2030050A105 /* PopoverView.m */,
			);
			name = PopoverView;
			sourceTree = "<group>";
		};
		4B74C963205D758B0050A105 /* Music */ = {
			isa = PBXGroup;
			children = (
				4B74C962205D75860050A105 /* test.m4a */,
			);
			name = Music;
			sourceTree = "<group>";
		};
		5259634BBEA440FE73DE2B63 /* Pods */ = {
			isa = PBXGroup;
			children = (
				9CA3ED3895EE9FE2D946DF9D /* Pods-Lumos.debug.xcconfig */,
				7C13C85763A56F0C388DEA20 /* Pods-Lumos.release.xcconfig */,
			);
			name = Pods;
			sourceTree = "<group>";
		};
		C5735FFE13F5B9B465C3FF2F /* Frameworks */ = {
			isa = PBXGroup;
			children = (
				34E28A020DCE8EB80280E4E2 /* libPods-Lumos.a */,
			);
			name = Frameworks;
			sourceTree = "<group>";
		};
		C5DC328E205774A600D0594B = {
			isa = PBXGroup;
			children = (
				C5DC3299205774A600D0594B /* Lumos */,
				4B74C963205D758B0050A105 /* Music */,
				4B74C95E205CB2070050A105 /* PopoverView */,
				4B74C8CC205A39670050A105 /* UU */,
				C5DC3298205774A600D0594B /* Products */,
				5259634BBEA440FE73DE2B63 /* Pods */,
				C5735FFE13F5B9B465C3FF2F /* Frameworks */,
			);
			sourceTree = "<group>";
		};
		C5DC3298205774A600D0594B /* Products */ = {
			isa = PBXGroup;
			children = (
				C5DC3297205774A600D0594B /* Lumos.app */,
			);
			name = Products;
			sourceTree = "<group>";
		};
		C5DC3299205774A600D0594B /* Lumos */ = {
			isa = PBXGroup;
			children = (
				C5DC32BE20586E8500D0594B /* LUAudioClip.h */,
				C5DC32BF20586E8500D0594B /* LUAudioClip.m */,
				C5357B2320602B750067413C /* LUAudioRecorder.h */,
				C5357B2420602B750067413C /* LUAudioRecorder.m */,
				C5DC329A205774A600D0594B /* LUAppDelegate.h */,
				C5DC329B205774A600D0594B /* LUAppDelegate.m */,
				4B74C8C6205A26180050A105 /* LUEpisode.h */,
				4B74C8C7205A26180050A105 /* LUEpisode.m */,
				4B881CA820614AA2008A4C13 /* LUSegment.h */,
				4B881CA920614AA2008A4C13 /* LUSegment.m */,
				4B74C8C9205A27E90050A105 /* LUEpisodeCell.h */,
				4B74C8CA205A27E90050A105 /* LUEpisodeCell.m */,
				4B74C957205A3F4A0050A105 /* LUSegmentCell.h */,
				4B74C958205A3F4A0050A105 /* LUSegmentCell.m */,
				C5DC32B8205780F000D0594B /* LUMainViewController.h */,
				C5DC32B9205780F000D0594B /* LUMainViewController.m */,
				4B74C8C0205A23A40050A105 /* LUEditController.h */,
				4B74C8C1205A23A40050A105 /* LUEditController.m */,
				4B74C8C3205A23D10050A105 /* LUPostController.h */,
				4B74C8C4205A23D10050A105 /* LUPostController.m */,
				4B881CA52061492B008A4C13 /* LUSplitController.h */,
				4B881CA62061492B008A4C13 /* LUSplitController.m */,
				C5DC32BD2057810C00D0594B /* Supporting Files */,
			);
			path = Lumos;
			sourceTree = "<group>";
		};
		C5DC32BD2057810C00D0594B /* Supporting Files */ = {
			isa = PBXGroup;
			children = (
				C5DC32A9205774A600D0594B /* main.m */,
				C5DC32A0205774A600D0594B /* Main.storyboard */,
				C5DC32A5205774A600D0594B /* LaunchScreen.storyboard */,
				C5DC32A3205774A600D0594B /* Assets.xcassets */,
				C5DC32A8205774A600D0594B /* Info.plist */,
			);
			name = "Supporting Files";
			sourceTree = "<group>";
		};
/* End PBXGroup section */

/* Begin PBXNativeTarget section */
		C5DC3296205774A600D0594B /* Lumos */ = {
			isa = PBXNativeTarget;
			buildConfigurationList = C5DC32AD205774A600D0594B /* Build configuration list for PBXNativeTarget "Lumos" */;
			buildPhases = (
				39106CE54FE2870431EDD396 /* [CP] Check Pods Manifest.lock */,
				C5DC3293205774A600D0594B /* Sources */,
				C5DC3294205774A600D0594B /* Frameworks */,
				C5DC3295205774A600D0594B /* Resources */,
				4B74C965205D75BB0050A105 /* CopyFiles */,
				34E40EBB3B3C20497D6EBE2B /* [CP] Embed Pods Frameworks */,
				220FF789046631370E8FB582 /* [CP] Copy Pods Resources */,
			);
			buildRules = (
			);
			dependencies = (
			);
			name = Lumos;
			productName = Lumos;
			productReference = C5DC3297205774A600D0594B /* Lumos.app */;
			productType = "com.apple.product-type.application";
		};
/* End PBXNativeTarget section */

/* Begin PBXProject section */
		C5DC328F205774A600D0594B /* Project object */ = {
			isa = PBXProject;
			attributes = {
				LastUpgradeCheck = 0920;
				ORGANIZATIONNAME = "Jonathan Hays";
				TargetAttributes = {
					C5DC3296205774A600D0594B = {
						CreatedOnToolsVersion = 9.2;
						ProvisioningStyle = Automatic;
					};
				};
			};
			buildConfigurationList = C5DC3292205774A600D0594B /* Build configuration list for PBXProject "Lumos" */;
			compatibilityVersion = "Xcode 8.0";
			developmentRegion = en;
			hasScannedForEncodings = 0;
			knownRegions = (
				en,
				Base,
			);
			mainGroup = C5DC328E205774A600D0594B;
			productRefGroup = C5DC3298205774A600D0594B /* Products */;
			projectDirPath = "";
			projectRoot = "";
			targets = (
				C5DC3296205774A600D0594B /* Lumos */,
			);
		};
/* End PBXProject section */

/* Begin PBXResourcesBuildPhase section */
		C5DC3295205774A600D0594B /* Resources */ = {
			isa = PBXResourcesBuildPhase;
			buildActionMask = 2147483647;
			files = (
				C5DC32A7205774A600D0594B /* LaunchScreen.storyboard in Resources */,
				C5DC32A4205774A600D0594B /* Assets.xcassets in Resources */,
				C5DC32A2205774A600D0594B /* Main.storyboard in Resources */,
			);
			runOnlyForDeploymentPostprocessing = 0;
		};
/* End PBXResourcesBuildPhase section */

/* Begin PBXShellScriptBuildPhase section */
		220FF789046631370E8FB582 /* [CP] Copy Pods Resources */ = {
			isa = PBXShellScriptBuildPhase;
			buildActionMask = 2147483647;
			files = (
			);
			inputPaths = (
			);
			name = "[CP] Copy Pods Resources";
			outputPaths = (
			);
			runOnlyForDeploymentPostprocessing = 0;
			shellPath = /bin/sh;
			shellScript = "\"${SRCROOT}/Pods/Target Support Files/Pods-Lumos/Pods-Lumos-resources.sh\"\n";
			showEnvVarsInLog = 0;
		};
		34E40EBB3B3C20497D6EBE2B /* [CP] Embed Pods Frameworks */ = {
			isa = PBXShellScriptBuildPhase;
			buildActionMask = 2147483647;
			files = (
			);
			inputPaths = (
				"${SRCROOT}/Pods/Target Support Files/Pods-Lumos/Pods-Lumos-frameworks.sh",
				"${BUILT_PRODUCTS_DIR}/EZAudio/EZAudio.framework",
				"${BUILT_PRODUCTS_DIR}/FDWaveformView/FDWaveformView.framework",
				"${BUILT_PRODUCTS_DIR}/TPCircularBuffer/TPCircularBuffer.framework",
			);
			name = "[CP] Embed Pods Frameworks";
			outputPaths = (
				"${TARGET_BUILD_DIR}/${FRAMEWORKS_FOLDER_PATH}/EZAudio.framework",
				"${TARGET_BUILD_DIR}/${FRAMEWORKS_FOLDER_PATH}/FDWaveformView.framework",
				"${TARGET_BUILD_DIR}/${FRAMEWORKS_FOLDER_PATH}/TPCircularBuffer.framework",
			);
			runOnlyForDeploymentPostprocessing = 0;
			shellPath = /bin/sh;
			shellScript = "\"${SRCROOT}/Pods/Target Support Files/Pods-Lumos/Pods-Lumos-frameworks.sh\"\n";
			showEnvVarsInLog = 0;
		};
		39106CE54FE2870431EDD396 /* [CP] Check Pods Manifest.lock */ = {
			isa = PBXShellScriptBuildPhase;
			buildActionMask = 2147483647;
			files = (
			);
			inputPaths = (
				"${PODS_PODFILE_DIR_PATH}/Podfile.lock",
				"${PODS_ROOT}/Manifest.lock",
			);
			name = "[CP] Check Pods Manifest.lock";
			outputPaths = (
				"$(DERIVED_FILE_DIR)/Pods-Lumos-checkManifestLockResult.txt",
			);
			runOnlyForDeploymentPostprocessing = 0;
			shellPath = /bin/sh;
			shellScript = "diff \"${PODS_PODFILE_DIR_PATH}/Podfile.lock\" \"${PODS_ROOT}/Manifest.lock\" > /dev/null\nif [ $? != 0 ] ; then\n    # print error to STDERR\n    echo \"error: The sandbox is not in sync with the Podfile.lock. Run 'pod install' or update your CocoaPods installation.\" >&2\n    exit 1\nfi\n# This output is used by Xcode 'outputs' to avoid re-running this script phase.\necho \"SUCCESS\" > \"${SCRIPT_OUTPUT_FILE_0}\"\n";
			showEnvVarsInLog = 0;
		};
/* End PBXShellScriptBuildPhase section */

/* Begin PBXSourcesBuildPhase section */
		C5DC3293205774A600D0594B /* Sources */ = {
			isa = PBXSourcesBuildPhase;
			buildActionMask = 2147483647;
			files = (
				C5DC32AA205774A600D0594B /* main.m in Sources */,
				4B74C948205A39AB0050A105 /* UUImageView.m in Sources */,
				4B74C94A205A39AB0050A105 /* UUImage.m in Sources */,
				4B74C953205A39DC0050A105 /* UURemoteData.m in Sources */,
				4B881CA72061492C008A4C13 /* LUSplitController.m in Sources */,
				4B74C95D205CB2030050A105 /* PopoverView.m in Sources */,
				4B74C956205A39E30050A105 /* UUDataCache.m in Sources */,
				C5DC32C020586E8500D0594B /* LUAudioClip.m in Sources */,
				4B74C959205A3F4A0050A105 /* LUSegmentCell.m in Sources */,
				4B74C93A205A39930050A105 /* UUAlert.m in Sources */,
				4B74C8C5205A23D10050A105 /* LUPostController.m in Sources */,
				4B74C969205D77760050A105 /* UUString.m in Sources */,
				4B74C8C2205A23A40050A105 /* LUEditController.m in Sources */,
				4B74C8CB205A27E90050A105 /* LUEpisodeCell.m in Sources */,
				C5DC32BB205780F000D0594B /* LUMainViewController.m in Sources */,
				4B74C94F205A39CD0050A105 /* UUHttpResponseHandler.m in Sources */,
				4B74C8C8205A26180050A105 /* LUEpisode.m in Sources */,
				4B74C93E205A39990050A105 /* UUColor.m in Sources */,
				4B881CAA20614AA2008A4C13 /* LUSegment.m in Sources */,
				C5DC329C205774A600D0594B /* LUAppDelegate.m in Sources */,
				4B74C949205A39AB0050A105 /* UUImageCache.m in Sources */,
				C5357B2520602B750067413C /* LUAudioRecorder.m in Sources */,
				4B74C950205A39CD0050A105 /* UUHttpSession.m in Sources */,
				4B74C941205A39A00050A105 /* UUDate.m in Sources */,
			);
			runOnlyForDeploymentPostprocessing = 0;
		};
/* End PBXSourcesBuildPhase section */

/* Begin PBXVariantGroup section */
		C5DC32A0205774A600D0594B /* Main.storyboard */ = {
			isa = PBXVariantGroup;
			children = (
				C5DC32A1205774A600D0594B /* Base */,
			);
			name = Main.storyboard;
			sourceTree = "<group>";
		};
		C5DC32A5205774A600D0594B /* LaunchScreen.storyboard */ = {
			isa = PBXVariantGroup;
			children = (
				C5DC32A6205774A600D0594B /* Base */,
			);
			name = LaunchScreen.storyboard;
			sourceTree = "<group>";
		};
/* End PBXVariantGroup section */

/* Begin XCBuildConfiguration section */
		C5DC32AB205774A600D0594B /* Debug */ = {
			isa = XCBuildConfiguration;
			buildSettings = {
				ALWAYS_SEARCH_USER_PATHS = NO;
				CLANG_ANALYZER_NONNULL = YES;
				CLANG_ANALYZER_NUMBER_OBJECT_CONVERSION = YES_AGGRESSIVE;
				CLANG_CXX_LANGUAGE_STANDARD = "gnu++14";
				CLANG_CXX_LIBRARY = "libc++";
				CLANG_ENABLE_MODULES = YES;
				CLANG_ENABLE_OBJC_ARC = YES;
				CLANG_WARN_BLOCK_CAPTURE_AUTORELEASING = YES;
				CLANG_WARN_BOOL_CONVERSION = YES;
				CLANG_WARN_COMMA = YES;
				CLANG_WARN_CONSTANT_CONVERSION = YES;
				CLANG_WARN_DIRECT_OBJC_ISA_USAGE = YES_ERROR;
				CLANG_WARN_DOCUMENTATION_COMMENTS = YES;
				CLANG_WARN_EMPTY_BODY = YES;
				CLANG_WARN_ENUM_CONVERSION = YES;
				CLANG_WARN_INFINITE_RECURSION = YES;
				CLANG_WARN_INT_CONVERSION = YES;
				CLANG_WARN_NON_LITERAL_NULL_CONVERSION = YES;
				CLANG_WARN_OBJC_LITERAL_CONVERSION = YES;
				CLANG_WARN_OBJC_ROOT_CLASS = YES_ERROR;
				CLANG_WARN_RANGE_LOOP_ANALYSIS = YES;
				CLANG_WARN_STRICT_PROTOTYPES = YES;
				CLANG_WARN_SUSPICIOUS_MOVE = YES;
				CLANG_WARN_UNGUARDED_AVAILABILITY = YES_AGGRESSIVE;
				CLANG_WARN_UNREACHABLE_CODE = YES;
				CLANG_WARN__DUPLICATE_METHOD_MATCH = YES;
				CODE_SIGN_IDENTITY = "iPhone Developer";
				COPY_PHASE_STRIP = NO;
				DEBUG_INFORMATION_FORMAT = dwarf;
				ENABLE_STRICT_OBJC_MSGSEND = YES;
				ENABLE_TESTABILITY = YES;
				GCC_C_LANGUAGE_STANDARD = gnu11;
				GCC_DYNAMIC_NO_PIC = NO;
				GCC_NO_COMMON_BLOCKS = YES;
				GCC_OPTIMIZATION_LEVEL = 0;
				GCC_PREPROCESSOR_DEFINITIONS = (
					"DEBUG=1",
					"$(inherited)",
				);
				GCC_WARN_64_TO_32_BIT_CONVERSION = YES;
				GCC_WARN_ABOUT_RETURN_TYPE = YES_ERROR;
				GCC_WARN_UNDECLARED_SELECTOR = YES;
				GCC_WARN_UNINITIALIZED_AUTOS = YES_AGGRESSIVE;
				GCC_WARN_UNUSED_FUNCTION = YES;
				GCC_WARN_UNUSED_VARIABLE = YES;
				IPHONEOS_DEPLOYMENT_TARGET = 11.2;
				MTL_ENABLE_DEBUG_INFO = YES;
				ONLY_ACTIVE_ARCH = YES;
				SDKROOT = iphoneos;
			};
			name = Debug;
		};
		C5DC32AC205774A600D0594B /* Release */ = {
			isa = XCBuildConfiguration;
			buildSettings = {
				ALWAYS_SEARCH_USER_PATHS = NO;
				CLANG_ANALYZER_NONNULL = YES;
				CLANG_ANALYZER_NUMBER_OBJECT_CONVERSION = YES_AGGRESSIVE;
				CLANG_CXX_LANGUAGE_STANDARD = "gnu++14";
				CLANG_CXX_LIBRARY = "libc++";
				CLANG_ENABLE_MODULES = YES;
				CLANG_ENABLE_OBJC_ARC = YES;
				CLANG_WARN_BLOCK_CAPTURE_AUTORELEASING = YES;
				CLANG_WARN_BOOL_CONVERSION = YES;
				CLANG_WARN_COMMA = YES;
				CLANG_WARN_CONSTANT_CONVERSION = YES;
				CLANG_WARN_DIRECT_OBJC_ISA_USAGE = YES_ERROR;
				CLANG_WARN_DOCUMENTATION_COMMENTS = YES;
				CLANG_WARN_EMPTY_BODY = YES;
				CLANG_WARN_ENUM_CONVERSION = YES;
				CLANG_WARN_INFINITE_RECURSION = YES;
				CLANG_WARN_INT_CONVERSION = YES;
				CLANG_WARN_NON_LITERAL_NULL_CONVERSION = YES;
				CLANG_WARN_OBJC_LITERAL_CONVERSION = YES;
				CLANG_WARN_OBJC_ROOT_CLASS = YES_ERROR;
				CLANG_WARN_RANGE_LOOP_ANALYSIS = YES;
				CLANG_WARN_STRICT_PROTOTYPES = YES;
				CLANG_WARN_SUSPICIOUS_MOVE = YES;
				CLANG_WARN_UNGUARDED_AVAILABILITY = YES_AGGRESSIVE;
				CLANG_WARN_UNREACHABLE_CODE = YES;
				CLANG_WARN__DUPLICATE_METHOD_MATCH = YES;
				CODE_SIGN_IDENTITY = "iPhone Developer";
				COPY_PHASE_STRIP = NO;
				DEBUG_INFORMATION_FORMAT = "dwarf-with-dsym";
				ENABLE_NS_ASSERTIONS = NO;
				ENABLE_STRICT_OBJC_MSGSEND = YES;
				GCC_C_LANGUAGE_STANDARD = gnu11;
				GCC_NO_COMMON_BLOCKS = YES;
				GCC_WARN_64_TO_32_BIT_CONVERSION = YES;
				GCC_WARN_ABOUT_RETURN_TYPE = YES_ERROR;
				GCC_WARN_UNDECLARED_SELECTOR = YES;
				GCC_WARN_UNINITIALIZED_AUTOS = YES_AGGRESSIVE;
				GCC_WARN_UNUSED_FUNCTION = YES;
				GCC_WARN_UNUSED_VARIABLE = YES;
				IPHONEOS_DEPLOYMENT_TARGET = 11.2;
				MTL_ENABLE_DEBUG_INFO = NO;
				SDKROOT = iphoneos;
				VALIDATE_PRODUCT = YES;
			};
			name = Release;
		};
		C5DC32AE205774A600D0594B /* Debug */ = {
			isa = XCBuildConfiguration;
			baseConfigurationReference = 9CA3ED3895EE9FE2D946DF9D /* Pods-Lumos.debug.xcconfig */;
			buildSettings = {
				ASSETCATALOG_COMPILER_APPICON_NAME = AppIcon;
				CODE_SIGN_STYLE = Automatic;
				DEVELOPMENT_TEAM = 3F9MDJ6K4E;
				INFOPLIST_FILE = Lumos/Info.plist;
				LD_RUNPATH_SEARCH_PATHS = "$(inherited) @executable_path/Frameworks";
				PRODUCT_BUNDLE_IDENTIFIER = blog.micro.Lumos;
				PRODUCT_NAME = "$(TARGET_NAME)";
				TARGETED_DEVICE_FAMILY = "1,2";
			};
			name = Debug;
		};
		C5DC32AF205774A600D0594B /* Release */ = {
			isa = XCBuildConfiguration;
			baseConfigurationReference = 7C13C85763A56F0C388DEA20 /* Pods-Lumos.release.xcconfig */;
			buildSettings = {
				ASSETCATALOG_COMPILER_APPICON_NAME = AppIcon;
				CODE_SIGN_STYLE = Automatic;
				DEVELOPMENT_TEAM = 3F9MDJ6K4E;
				INFOPLIST_FILE = Lumos/Info.plist;
				LD_RUNPATH_SEARCH_PATHS = "$(inherited) @executable_path/Frameworks";
				PRODUCT_BUNDLE_IDENTIFIER = blog.micro.Lumos;
				PRODUCT_NAME = "$(TARGET_NAME)";
				TARGETED_DEVICE_FAMILY = "1,2";
			};
			name = Release;
		};
/* End XCBuildConfiguration section */

/* Begin XCConfigurationList section */
		C5DC3292205774A600D0594B /* Build configuration list for PBXProject "Lumos" */ = {
			isa = XCConfigurationList;
			buildConfigurations = (
				C5DC32AB205774A600D0594B /* Debug */,
				C5DC32AC205774A600D0594B /* Release */,
			);
			defaultConfigurationIsVisible = 0;
			defaultConfigurationName = Release;
		};
		C5DC32AD205774A600D0594B /* Build configuration list for PBXNativeTarget "Lumos" */ = {
			isa = XCConfigurationList;
			buildConfigurations = (
				C5DC32AE205774A600D0594B /* Debug */,
				C5DC32AF205774A600D0594B /* Release */,
			);
			defaultConfigurationIsVisible = 0;
			defaultConfigurationName = Release;
		};
/* End XCConfigurationList section */
	};
	rootObject = C5DC328F205774A600D0594B /* Project object */;
}
