PODS:
  - DisPlayers-Audio-Visualizers (0.1.1):
    - EZAudio (~> 1.1.4)
  - EZAudio (1.1.5):
    - EZAudio/Full (= 1.1.5)
  - EZAudio/Core (1.1.5)
  - EZAudio/Full (1.1.5):
    - EZAudio/Core
    - TPCircularBuffer (= 1.1)
  - SnippetsFramework (1.0.2):
    - SnippetsFramework/Core (= 1.0.2)
    - UUSwift
  - SnippetsFramework/Core (1.0.2):
    - UUSwift
  - TPCircularBuffer (1.1)
  - UUSwift (1.0.3):
    - UUSwift/Core (= 1.0.3)
  - UUSwift/Core (1.0.3)

DEPENDENCIES:
  - DisPlayers-Audio-Visualizers (~> 0.1.1)
  - EZAudio
  - SnippetsFramework

SPEC REPOS:
  trunk:
    - DisPlayers-Audio-Visualizers
    - EZAudio
    - SnippetsFramework
    - TPCircularBuffer
    - UUSwift

SPEC CHECKSUMS:
  DisPlayers-Audio-Visualizers: 70a034a7d1bb3f93632315bcc1546670b373b3be
  EZAudio: 3b1cb4b6d7ebca68f0c2478576d75940aad4aa99
  SnippetsFramework: cf1c4e671c1c32966e2d2b59f449228cbb5fa3d1
  TPCircularBuffer: 4960a919e667280f7f38963d771f45871b64fe62
  UUSwift: 99a39edfffc753e9e50a03e75fcc7b61c01abf2b

PODFILE CHECKSUM: a7092288fc492346b710fe18e7bc902cb77e67bd

COCOAPODS: 1.10.1
