// !$*UTF8*$!
{
	archiveVersion = 1;
	classes = {
	};
	objectVersion = 54;
	objects = {

/* Begin PBXBuildFile section */
		4B01D4E12073DC2600FD8A00 /* LUExportTransition.m in Sources */ = {isa = PBXBuildFile; fileRef = 4B01D4E02073DC2600FD8A00 /* LUExportTransition.m */; };
		4B01D4E42074648900FD8A00 /* LUDeleteDropView.m in Sources */ = {isa = PBXBuildFile; fileRef = 4B01D4E32074648900FD8A00 /* LUDeleteDropView.m */; };
		4B01D4E72075E24D00FD8A00 /* LUSelectBlogController.m in Sources */ = {isa = PBXBuildFile; fileRef = 4B01D4E62075E24D00FD8A00 /* LUSelectBlogController.m */; };
		4B01D4EA2075E5C100FD8A00 /* LUBlogCell.m in Sources */ = {isa = PBXBuildFile; fileRef = 4B01D4E92075E5C100FD8A00 /* LUBlogCell.m */; };
		4B01D4ED2075F6DC00FD8A00 /* Blogs.storyboard in Resources */ = {isa = PBXBuildFile; fileRef = 4B01D4EB2075F6DC00FD8A00 /* Blogs.storyboard */; };
		4B0BB179207DCB6A00A16FDD /* LUNavigationController.m in Sources */ = {isa = PBXBuildFile; fileRef = 4B0BB178207DCB6A00A16FDD /* LUNavigationController.m */; };
		4B18F1BD206E0E6100A91731 /* LUAuphonic.m in Sources */ = {isa = PBXBuildFile; fileRef = 4B18F1BC206E0E6100A91731 /* LUAuphonic.m */; };
		4B18F1C0206E951200A91731 /* LUAuphonicController.m in Sources */ = {isa = PBXBuildFile; fileRef = 4B18F1BF206E951200A91731 /* LUAuphonicController.m */; };
		4B18F1CA206FEEDA00A91731 /* LUExportController.m in Sources */ = {isa = PBXBuildFile; fileRef = 4B18F1C9206FEEDA00A91731 /* LUExportController.m */; };
		4B74C8C2205A23A40050A105 /* LUEditController.m in Sources */ = {isa = PBXBuildFile; fileRef = 4B74C8C1205A23A40050A105 /* LUEditController.m */; };
		4B74C8C5205A23D10050A105 /* LUPostController.m in Sources */ = {isa = PBXBuildFile; fileRef = 4B74C8C4205A23D10050A105 /* LUPostController.m */; };
		4B74C8C8205A26180050A105 /* LUEpisode.m in Sources */ = {isa = PBXBuildFile; fileRef = 4B74C8C7205A26180050A105 /* LUEpisode.m */; };
		4B74C8CB205A27E90050A105 /* LUEpisodeCell.m in Sources */ = {isa = PBXBuildFile; fileRef = 4B74C8CA205A27E90050A105 /* LUEpisodeCell.m */; };
		4B74C959205A3F4A0050A105 /* LUSegmentCell.m in Sources */ = {isa = PBXBuildFile; fileRef = 4B74C958205A3F4A0050A105 /* LUSegmentCell.m */; };
		4B881CA72061492C008A4C13 /* LUSplitController.m in Sources */ = {isa = PBXBuildFile; fileRef = 4B881CA62061492B008A4C13 /* LUSplitController.m */; };
		4B881CAA20614AA2008A4C13 /* LUSegment.m in Sources */ = {isa = PBXBuildFile; fileRef = 4B881CA920614AA2008A4C13 /* LUSegment.m */; };
		4BB4E4832B936FB70069B917 /* FFmpeg-iOS-Lame in Frameworks */ = {isa = PBXBuildFile; productRef = 4BB4E4822B936FB70069B917 /* FFmpeg-iOS-Lame */; };
		4BB4E4862B936FF90069B917 /* LUAudioFile.swift in Sources */ = {isa = PBXBuildFile; fileRef = 4BB4E4852B936FF90069B917 /* LUAudioFile.swift */; };
		C527BE9B2B915895008E2B74 /* UUSwiftCore in Frameworks */ = {isa = PBXBuildFile; productRef = C527BE9A2B915895008E2B74 /* UUSwiftCore */; };
		C527BE9E2B9158EA008E2B74 /* UUSwiftNetworking in Frameworks */ = {isa = PBXBuildFile; productRef = C527BE9D2B9158EA008E2B74 /* UUSwiftNetworking */; };
		C527BEA12B915904008E2B74 /* UUSwiftImage in Frameworks */ = {isa = PBXBuildFile; productRef = C527BEA02B915904008E2B74 /* UUSwiftImage */; };
		C527BEA42B91590E008E2B74 /* UUSwiftUX in Frameworks */ = {isa = PBXBuildFile; productRef = C527BEA32B91590E008E2B74 /* UUSwiftUX */; };
		C527BEA72B915930008E2B74 /* Snippets in Frameworks */ = {isa = PBXBuildFile; productRef = C527BEA62B915930008E2B74 /* Snippets */; };
		C527BED72B915C9E008E2B74 /* EZAudioPlotGL.m in Sources */ = {isa = PBXBuildFile; fileRef = C527BEB52B915C9D008E2B74 /* EZAudioPlotGL.m */; };
		C527BED82B915C9E008E2B74 /* EZAudioFFT.m in Sources */ = {isa = PBXBuildFile; fileRef = C527BEB62B915C9D008E2B74 /* EZAudioFFT.m */; };
		C527BED92B915C9E008E2B74 /* EZAudioPlot.m in Sources */ = {isa = PBXBuildFile; fileRef = C527BEBA2B915C9D008E2B74 /* EZAudioPlot.m */; };
		C527BEDA2B915C9E008E2B74 /* EZAudioUtilities.m in Sources */ = {isa = PBXBuildFile; fileRef = C527BEBF2B915C9D008E2B74 /* EZAudioUtilities.m */; };
		C527BEDB2B915C9E008E2B74 /* EZAudioFloatConverter.m in Sources */ = {isa = PBXBuildFile; fileRef = C527BEC22B915C9D008E2B74 /* EZAudioFloatConverter.m */; };
		C527BEDC2B915C9E008E2B74 /* EZRecorder.m in Sources */ = {isa = PBXBuildFile; fileRef = C527BEC52B915C9D008E2B74 /* EZRecorder.m */; };
		C527BEDD2B915C9E008E2B74 /* TPCircularBuffer.c in Sources */ = {isa = PBXBuildFile; fileRef = C527BEC72B915C9D008E2B74 /* TPCircularBuffer.c */; };
		C527BEDE2B915C9E008E2B74 /* EZMicrophone.m in Sources */ = {isa = PBXBuildFile; fileRef = C527BECA2B915C9D008E2B74 /* EZMicrophone.m */; };
		C527BEDF2B915C9E008E2B74 /* EZAudioFloatData.m in Sources */ = {isa = PBXBuildFile; fileRef = C527BECD2B915C9D008E2B74 /* EZAudioFloatData.m */; };
		C527BEE02B915C9E008E2B74 /* EZPlot.m in Sources */ = {isa = PBXBuildFile; fileRef = C527BECE2B915C9D008E2B74 /* EZPlot.m */; };
		C527BEE12B915C9E008E2B74 /* EZAudioDevice.m in Sources */ = {isa = PBXBuildFile; fileRef = C527BECF2B915C9D008E2B74 /* EZAudioDevice.m */; };
		C527BEE22B915C9E008E2B74 /* EZAudioFile.m in Sources */ = {isa = PBXBuildFile; fileRef = C527BED02B915C9D008E2B74 /* EZAudioFile.m */; };
		C527BEE32B915C9E008E2B74 /* EZAudio.m in Sources */ = {isa = PBXBuildFile; fileRef = C527BED22B915C9D008E2B74 /* EZAudio.m */; };
		C527BEE42B915C9E008E2B74 /* EZAudioDisplayLink.m in Sources */ = {isa = PBXBuildFile; fileRef = C527BED32B915C9E008E2B74 /* EZAudioDisplayLink.m */; };
		C527BEE52B915C9E008E2B74 /* EZOutput.m in Sources */ = {isa = PBXBuildFile; fileRef = C527BED42B915C9E008E2B74 /* EZOutput.m */; };
		C527BEE62B915C9E008E2B74 /* EZAudioPlayer.m in Sources */ = {isa = PBXBuildFile; fileRef = C527BED62B915C9E008E2B74 /* EZAudioPlayer.m */; };
		C527BEFD2B915D11008E2B74 /* DPMainEqualizerView.m in Sources */ = {isa = PBXBuildFile; fileRef = C527BEEB2B915D11008E2B74 /* DPMainEqualizerView.m */; };
		C527BEFE2B915D11008E2B74 /* DPWaveEqualizerView.m in Sources */ = {isa = PBXBuildFile; fileRef = C527BEED2B915D11008E2B74 /* DPWaveEqualizerView.m */; };
		C527BEFF2B915D11008E2B74 /* DPAudioService.m in Sources */ = {isa = PBXBuildFile; fileRef = C527BEF02B915D11008E2B74 /* DPAudioService.m */; };
		C527BF002B915D11008E2B74 /* DPRollingEqualizerView.m in Sources */ = {isa = PBXBuildFile; fileRef = C527BEF12B915D11008E2B74 /* DPRollingEqualizerView.m */; };
		C527BF012B915D11008E2B74 /* DPHistogramEqualizerView.m in Sources */ = {isa = PBXBuildFile; fileRef = C527BEF32B915D11008E2B74 /* DPHistogramEqualizerView.m */; };
		C527BF022B915D11008E2B74 /* DPCircleWaveEqualizer.m in Sources */ = {isa = PBXBuildFile; fileRef = C527BEF52B915D11008E2B74 /* DPCircleWaveEqualizer.m */; };
		C527BF032B915D11008E2B74 /* DPEqualizerSettings.m in Sources */ = {isa = PBXBuildFile; fileRef = C527BEF62B915D11008E2B74 /* DPEqualizerSettings.m */; };
		C527BF042B915D11008E2B74 /* DPConstants.m in Sources */ = {isa = PBXBuildFile; fileRef = C527BEF82B915D11008E2B74 /* DPConstants.m */; };
		C527BF052B915D11008E2B74 /* UIImage+DPGradientImage.m in Sources */ = {isa = PBXBuildFile; fileRef = C527BEFB2B915D11008E2B74 /* UIImage+DPGradientImage.m */; };
		C5357B2520602B750067413C /* LUAudioRecorder.m in Sources */ = {isa = PBXBuildFile; fileRef = C5357B2420602B750067413C /* LUAudioRecorder.m */; };
		C54C8F702065A350007F7565 /* UUDictionary.m in Sources */ = {isa = PBXBuildFile; fileRef = C54C8F682065A350007F7565 /* UUDictionary.m */; };
		C54C8F712065A350007F7565 /* UUHttpResponseHandler.m in Sources */ = {isa = PBXBuildFile; fileRef = C54C8F692065A350007F7565 /* UUHttpResponseHandler.m */; };
		C54C8F722065A350007F7565 /* UUString.m in Sources */ = {isa = PBXBuildFile; fileRef = C54C8F6B2065A350007F7565 /* UUString.m */; };
		C54C8F732065A350007F7565 /* UUHttpSession.m in Sources */ = {isa = PBXBuildFile; fileRef = C54C8F6D2065A350007F7565 /* UUHttpSession.m */; };
		C54C8F742065A350007F7565 /* UUColor.m in Sources */ = {isa = PBXBuildFile; fileRef = C54C8F6F2065A350007F7565 /* UUColor.m */; };
		C54C8F822065A3B3007F7565 /* SSKeychainQuery.m in Sources */ = {isa = PBXBuildFile; fileRef = C54C8F802065A3B3007F7565 /* SSKeychainQuery.m */; };
		C54C8F832065A3B3007F7565 /* SSKeychain.m in Sources */ = {isa = PBXBuildFile; fileRef = C54C8F812065A3B3007F7565 /* SSKeychain.m */; };
		C54C8F882065A3C4007F7565 /* PopoverView.m in Sources */ = {isa = PBXBuildFile; fileRef = C54C8F852065A3C4007F7565 /* PopoverView.m */; };
		C54C8F8B2065A3F6007F7565 /* RFClient.m in Sources */ = {isa = PBXBuildFile; fileRef = C54C8F892065A3F6007F7565 /* RFClient.m */; };
		C54C8F8E2065A466007F7565 /* NSString+Extras.m in Sources */ = {isa = PBXBuildFile; fileRef = C54C8F8D2065A466007F7565 /* NSString+Extras.m */; };
		C54C8F912065A4A7007F7565 /* UUAlert.m in Sources */ = {isa = PBXBuildFile; fileRef = C54C8F902065A4A7007F7565 /* UUAlert.m */; };
		C54C8F942065B192007F7565 /* RFMicropub.m in Sources */ = {isa = PBXBuildFile; fileRef = C54C8F922065B191007F7565 /* RFMicropub.m */; };
		C54C8F972065B233007F7565 /* RFSettings.m in Sources */ = {isa = PBXBuildFile; fileRef = C54C8F962065B233007F7565 /* RFSettings.m */; };
		C54C8F9B2065D5C8007F7565 /* UUDate.m in Sources */ = {isa = PBXBuildFile; fileRef = C54C8F9A2065D5C7007F7565 /* UUDate.m */; };
		C58A2EBA20729B8E00DB0E04 /* CloudKit.framework in Frameworks */ = {isa = PBXBuildFile; fileRef = C58A2EB920729B8E00DB0E04 /* CloudKit.framework */; };
		C58A2EBD2072A29900DB0E04 /* LUViewController.m in Sources */ = {isa = PBXBuildFile; fileRef = C58A2EBC2072A29900DB0E04 /* LUViewController.m */; };
		C58A2EDB2075347A00DB0E04 /* LUCreditsViewController.m in Sources */ = {isa = PBXBuildFile; fileRef = C58A2EDA2075347A00DB0E04 /* LUCreditsViewController.m */; };
		C58A2EDD2075368500DB0E04 /* WebKit.framework in Frameworks */ = {isa = PBXBuildFile; fileRef = C58A2EDC2075368500DB0E04 /* WebKit.framework */; };
		C58A2EE02075370000DB0E04 /* credits.html in Resources */ = {isa = PBXBuildFile; fileRef = C58A2EDE2075370000DB0E04 /* credits.html */; };
		C58A2EE12075370000DB0E04 /* test.m4a in Resources */ = {isa = PBXBuildFile; fileRef = C58A2EDF2075370000DB0E04 /* test.m4a */; };
		C58A2EE32075393D00DB0E04 /* olive.jpg in Resources */ = {isa = PBXBuildFile; fileRef = C58A2EE22075393D00DB0E04 /* olive.jpg */; };
		C5DC329C205774A600D0594B /* LUAppDelegate.m in Sources */ = {isa = PBXBuildFile; fileRef = C5DC329B205774A600D0594B /* LUAppDelegate.m */; };
		C5DC32A2205774A600D0594B /* Main.storyboard in Resources */ = {isa = PBXBuildFile; fileRef = C5DC32A0205774A600D0594B /* Main.storyboard */; };
		C5DC32A4205774A600D0594B /* Assets.xcassets in Resources */ = {isa = PBXBuildFile; fileRef = C5DC32A3205774A600D0594B /* Assets.xcassets */; };
		C5DC32A7205774A600D0594B /* LaunchScreen.storyboard in Resources */ = {isa = PBXBuildFile; fileRef = C5DC32A5205774A600D0594B /* LaunchScreen.storyboard */; };
		C5DC32AA205774A600D0594B /* main.m in Sources */ = {isa = PBXBuildFile; fileRef = C5DC32A9205774A600D0594B /* main.m */; };
		C5DC32BB205780F000D0594B /* LUMainViewController.m in Sources */ = {isa = PBXBuildFile; fileRef = C5DC32B9205780F000D0594B /* LUMainViewController.m */; };
		C5DC32C020586E8500D0594B /* LUAudioClip.m in Sources */ = {isa = PBXBuildFile; fileRef = C5DC32BF20586E8500D0594B /* LUAudioClip.m */; };
		C5E5A58F20646817006486FB /* LUSettingsViewController.m in Sources */ = {isa = PBXBuildFile; fileRef = C5E5A58E20646817006486FB /* LUSettingsViewController.m */; };
		C5E5A5922064708E006486FB /* LULoginViewController.m in Sources */ = {isa = PBXBuildFile; fileRef = C5E5A5912064708E006486FB /* LULoginViewController.m */; };
/* End PBXBuildFile section */

/* Begin PBXCopyFilesBuildPhase section */
		4B74C965205D75BB0050A105 /* CopyFiles */ = {
			isa = PBXCopyFilesBuildPhase;
			buildActionMask = 2147483647;
			dstPath = Music;
			dstSubfolderSpec = 7;
			files = (
			);
			runOnlyForDeploymentPostprocessing = 0;
		};
/* End PBXCopyFilesBuildPhase section */

/* Begin PBXFileReference section */
		4B01D4DF2073DC2600FD8A00 /* LUExportTransition.h */ = {isa = PBXFileReference; lastKnownFileType = sourcecode.c.h; path = LUExportTransition.h; sourceTree = "<group>"; };
		4B01D4E02073DC2600FD8A00 /* LUExportTransition.m */ = {isa = PBXFileReference; lastKnownFileType = sourcecode.c.objc; path = LUExportTransition.m; sourceTree = "<group>"; };
		4B01D4E22074648900FD8A00 /* LUDeleteDropView.h */ = {isa = PBXFileReference; lastKnownFileType = sourcecode.c.h; path = LUDeleteDropView.h; sourceTree = "<group>"; };
		4B01D4E32074648900FD8A00 /* LUDeleteDropView.m */ = {isa = PBXFileReference; lastKnownFileType = sourcecode.c.objc; path = LUDeleteDropView.m; sourceTree = "<group>"; };
		4B01D4E52075E24D00FD8A00 /* LUSelectBlogController.h */ = {isa = PBXFileReference; lastKnownFileType = sourcecode.c.h; path = LUSelectBlogController.h; sourceTree = "<group>"; };
		4B01D4E62075E24D00FD8A00 /* LUSelectBlogController.m */ = {isa = PBXFileReference; lastKnownFileType = sourcecode.c.objc; path = LUSelectBlogController.m; sourceTree = "<group>"; };
		4B01D4E82075E5C100FD8A00 /* LUBlogCell.h */ = {isa = PBXFileReference; lastKnownFileType = sourcecode.c.h; path = LUBlogCell.h; sourceTree = "<group>"; };
		4B01D4E92075E5C100FD8A00 /* LUBlogCell.m */ = {isa = PBXFileReference; lastKnownFileType = sourcecode.c.objc; path = LUBlogCell.m; sourceTree = "<group>"; };
		4B01D4EC2075F6DC00FD8A00 /* Base */ = {isa = PBXFileReference; lastKnownFileType = file.storyboard; name = Base; path = Base.lproj/Blogs.storyboard; sourceTree = "<group>"; };
		4B0BB177207DCB6A00A16FDD /* LUNavigationController.h */ = {isa = PBXFileReference; lastKnownFileType = sourcecode.c.h; path = LUNavigationController.h; sourceTree = "<group>"; };
		4B0BB178207DCB6A00A16FDD /* LUNavigationController.m */ = {isa = PBXFileReference; lastKnownFileType = sourcecode.c.objc; path = LUNavigationController.m; sourceTree = "<group>"; };
		4B18F1BB206E0E6100A91731 /* LUAuphonic.h */ = {isa = PBXFileReference; lastKnownFileType = sourcecode.c.h; path = LUAuphonic.h; sourceTree = "<group>"; };
		4B18F1BC206E0E6100A91731 /* LUAuphonic.m */ = {isa = PBXFileReference; lastKnownFileType = sourcecode.c.objc; path = LUAuphonic.m; sourceTree = "<group>"; };
		4B18F1BE206E951200A91731 /* LUAuphonicController.h */ = {isa = PBXFileReference; lastKnownFileType = sourcecode.c.h; path = LUAuphonicController.h; sourceTree = "<group>"; };
		4B18F1BF206E951200A91731 /* LUAuphonicController.m */ = {isa = PBXFileReference; lastKnownFileType = sourcecode.c.objc; path = LUAuphonicController.m; sourceTree = "<group>"; };
		4B18F1C8206FEEDA00A91731 /* LUExportController.h */ = {isa = PBXFileReference; lastKnownFileType = sourcecode.c.h; path = LUExportController.h; sourceTree = "<group>"; };
		4B18F1C9206FEEDA00A91731 /* LUExportController.m */ = {isa = PBXFileReference; lastKnownFileType = sourcecode.c.objc; path = LUExportController.m; sourceTree = "<group>"; };
		4B74C8C0205A23A40050A105 /* LUEditController.h */ = {isa = PBXFileReference; lastKnownFileType = sourcecode.c.h; path = LUEditController.h; sourceTree = "<group>"; };
		4B74C8C1205A23A40050A105 /* LUEditController.m */ = {isa = PBXFileReference; lastKnownFileType = sourcecode.c.objc; path = LUEditController.m; sourceTree = "<group>"; };
		4B74C8C3205A23D10050A105 /* LUPostController.h */ = {isa = PBXFileReference; lastKnownFileType = sourcecode.c.h; path = LUPostController.h; sourceTree = "<group>"; };
		4B74C8C4205A23D10050A105 /* LUPostController.m */ = {isa = PBXFileReference; lastKnownFileType = sourcecode.c.objc; path = LUPostController.m; sourceTree = "<group>"; };
		4B74C8C6205A26180050A105 /* LUEpisode.h */ = {isa = PBXFileReference; lastKnownFileType = sourcecode.c.h; path = LUEpisode.h; sourceTree = "<group>"; };
		4B74C8C7205A26180050A105 /* LUEpisode.m */ = {isa = PBXFileReference; lastKnownFileType = sourcecode.c.objc; path = LUEpisode.m; sourceTree = "<group>"; };
		4B74C8C9205A27E90050A105 /* LUEpisodeCell.h */ = {isa = PBXFileReference; lastKnownFileType = sourcecode.c.h; path = LUEpisodeCell.h; sourceTree = "<group>"; };
		4B74C8CA205A27E90050A105 /* LUEpisodeCell.m */ = {isa = PBXFileReference; lastKnownFileType = sourcecode.c.objc; path = LUEpisodeCell.m; sourceTree = "<group>"; };
		4B74C957205A3F4A0050A105 /* LUSegmentCell.h */ = {isa = PBXFileReference; lastKnownFileType = sourcecode.c.h; path = LUSegmentCell.h; sourceTree = "<group>"; };
		4B74C958205A3F4A0050A105 /* LUSegmentCell.m */ = {isa = PBXFileReference; lastKnownFileType = sourcecode.c.objc; path = LUSegmentCell.m; sourceTree = "<group>"; };
		4B881CA52061492B008A4C13 /* LUSplitController.h */ = {isa = PBXFileReference; lastKnownFileType = sourcecode.c.h; path = LUSplitController.h; sourceTree = "<group>"; };
		4B881CA62061492B008A4C13 /* LUSplitController.m */ = {isa = PBXFileReference; lastKnownFileType = sourcecode.c.objc; path = LUSplitController.m; sourceTree = "<group>"; };
		4B881CA820614AA2008A4C13 /* LUSegment.h */ = {isa = PBXFileReference; lastKnownFileType = sourcecode.c.h; path = LUSegment.h; sourceTree = "<group>"; };
		4B881CA920614AA2008A4C13 /* LUSegment.m */ = {isa = PBXFileReference; lastKnownFileType = sourcecode.c.objc; path = LUSegment.m; sourceTree = "<group>"; };
		4B8F42172B925C140062BD12 /* ExtAudioConverter.m */ = {isa = PBXFileReference; fileEncoding = 4; lastKnownFileType = sourcecode.c.objc; name = ExtAudioConverter.m; path = shared/ExtAudioFileConverter/ExtAudioConverter.m; sourceTree = "<group>"; };
		4B8F42182B925C140062BD12 /* ExtAudioConverter.h */ = {isa = PBXFileReference; fileEncoding = 4; lastKnownFileType = sourcecode.c.h; name = ExtAudioConverter.h; path = shared/ExtAudioFileConverter/ExtAudioConverter.h; sourceTree = "<group>"; };
		4BB4E4842B936FF90069B917 /* Wavelength-Bridging-Header.h */ = {isa = PBXFileReference; lastKnownFileType = sourcecode.c.h; path = "Wavelength-Bridging-Header.h"; sourceTree = "<group>"; };
		4BB4E4852B936FF90069B917 /* LUAudioFile.swift */ = {isa = PBXFileReference; lastKnownFileType = sourcecode.swift; path = LUAudioFile.swift; sourceTree = "<group>"; };
		C527BEB52B915C9D008E2B74 /* EZAudioPlotGL.m */ = {isa = PBXFileReference; fileEncoding = 4; lastKnownFileType = sourcecode.c.objc; name = EZAudioPlotGL.m; path = shared/EZAudio/EZAudioPlotGL.m; sourceTree = "<group>"; };
		C527BEB62B915C9D008E2B74 /* EZAudioFFT.m */ = {isa = PBXFileReference; fileEncoding = 4; lastKnownFileType = sourcecode.c.objc; name = EZAudioFFT.m; path = shared/EZAudio/EZAudioFFT.m; sourceTree = "<group>"; };
		C527BEB72B915C9D008E2B74 /* EZAudioFloatData.h */ = {isa = PBXFileReference; fileEncoding = 4; lastKnownFileType = sourcecode.c.h; name = EZAudioFloatData.h; path = shared/EZAudio/EZAudioFloatData.h; sourceTree = "<group>"; };
		C527BEB82B915C9D008E2B74 /* EZAudioiOS.h */ = {isa = PBXFileReference; fileEncoding = 4; lastKnownFileType = sourcecode.c.h; name = EZAudioiOS.h; path = shared/EZAudio/EZAudioiOS.h; sourceTree = "<group>"; };
		C527BEB92B915C9D008E2B74 /* EZAudioDisplayLink.h */ = {isa = PBXFileReference; fileEncoding = 4; lastKnownFileType = sourcecode.c.h; name = EZAudioDisplayLink.h; path = shared/EZAudio/EZAudioDisplayLink.h; sourceTree = "<group>"; };
		C527BEBA2B915C9D008E2B74 /* EZAudioPlot.m */ = {isa = PBXFileReference; fileEncoding = 4; lastKnownFileType = sourcecode.c.objc; name = EZAudioPlot.m; path = shared/EZAudio/EZAudioPlot.m; sourceTree = "<group>"; };
		C527BEBB2B915C9D008E2B74 /* EZAudioPlotGL.h */ = {isa = PBXFileReference; fileEncoding = 4; lastKnownFileType = sourcecode.c.h; name = EZAudioPlotGL.h; path = shared/EZAudio/EZAudioPlotGL.h; sourceTree = "<group>"; };
		C527BEBC2B915C9D008E2B74 /* EZMicrophone.h */ = {isa = PBXFileReference; fileEncoding = 4; lastKnownFileType = sourcecode.c.h; name = EZMicrophone.h; path = shared/EZAudio/EZMicrophone.h; sourceTree = "<group>"; };
		C527BEBD2B915C9D008E2B74 /* EZRecorder.h */ = {isa = PBXFileReference; fileEncoding = 4; lastKnownFileType = sourcecode.c.h; name = EZRecorder.h; path = shared/EZAudio/EZRecorder.h; sourceTree = "<group>"; };
		C527BEBE2B915C9D008E2B74 /* EZAudioPlayer.h */ = {isa = PBXFileReference; fileEncoding = 4; lastKnownFileType = sourcecode.c.h; name = EZAudioPlayer.h; path = shared/EZAudio/EZAudioPlayer.h; sourceTree = "<group>"; };
		C527BEBF2B915C9D008E2B74 /* EZAudioUtilities.m */ = {isa = PBXFileReference; fileEncoding = 4; lastKnownFileType = sourcecode.c.objc; name = EZAudioUtilities.m; path = shared/EZAudio/EZAudioUtilities.m; sourceTree = "<group>"; };
		C527BEC02B915C9D008E2B74 /* EZAudioPlot.h */ = {isa = PBXFileReference; fileEncoding = 4; lastKnownFileType = sourcecode.c.h; name = EZAudioPlot.h; path = shared/EZAudio/EZAudioPlot.h; sourceTree = "<group>"; };
		C527BEC12B915C9D008E2B74 /* EZAudioUtilities.h */ = {isa = PBXFileReference; fileEncoding = 4; lastKnownFileType = sourcecode.c.h; name = EZAudioUtilities.h; path = shared/EZAudio/EZAudioUtilities.h; sourceTree = "<group>"; };
		C527BEC22B915C9D008E2B74 /* EZAudioFloatConverter.m */ = {isa = PBXFileReference; fileEncoding = 4; lastKnownFileType = sourcecode.c.objc; name = EZAudioFloatConverter.m; path = shared/EZAudio/EZAudioFloatConverter.m; sourceTree = "<group>"; };
		C527BEC32B915C9D008E2B74 /* EZAudioFile.h */ = {isa = PBXFileReference; fileEncoding = 4; lastKnownFileType = sourcecode.c.h; name = EZAudioFile.h; path = shared/EZAudio/EZAudioFile.h; sourceTree = "<group>"; };
		C527BEC42B915C9D008E2B74 /* EZPlot.h */ = {isa = PBXFileReference; fileEncoding = 4; lastKnownFileType = sourcecode.c.h; name = EZPlot.h; path = shared/EZAudio/EZPlot.h; sourceTree = "<group>"; };
		C527BEC52B915C9D008E2B74 /* EZRecorder.m */ = {isa = PBXFileReference; fileEncoding = 4; lastKnownFileType = sourcecode.c.objc; name = EZRecorder.m; path = shared/EZAudio/EZRecorder.m; sourceTree = "<group>"; };
		C527BEC62B915C9D008E2B74 /* TPCircularBuffer.h */ = {isa = PBXFileReference; fileEncoding = 4; lastKnownFileType = sourcecode.c.h; name = TPCircularBuffer.h; path = shared/EZAudio/TPCircularBuffer.h; sourceTree = "<group>"; };
		C527BEC72B915C9D008E2B74 /* TPCircularBuffer.c */ = {isa = PBXFileReference; fileEncoding = 4; lastKnownFileType = sourcecode.c.c; name = TPCircularBuffer.c; path = shared/EZAudio/TPCircularBuffer.c; sourceTree = "<group>"; };
		C527BEC82B915C9D008E2B74 /* EZAudioFFT.h */ = {isa = PBXFileReference; fileEncoding = 4; lastKnownFileType = sourcecode.c.h; name = EZAudioFFT.h; path = shared/EZAudio/EZAudioFFT.h; sourceTree = "<group>"; };
		C527BEC92B915C9D008E2B74 /* EZAudioOSX.h */ = {isa = PBXFileReference; fileEncoding = 4; lastKnownFileType = sourcecode.c.h; name = EZAudioOSX.h; path = shared/EZAudio/EZAudioOSX.h; sourceTree = "<group>"; };
		C527BECA2B915C9D008E2B74 /* EZMicrophone.m */ = {isa = PBXFileReference; fileEncoding = 4; lastKnownFileType = sourcecode.c.objc; name = EZMicrophone.m; path = shared/EZAudio/EZMicrophone.m; sourceTree = "<group>"; };
		C527BECB2B915C9D008E2B74 /* EZAudio.h */ = {isa = PBXFileReference; fileEncoding = 4; lastKnownFileType = sourcecode.c.h; name = EZAudio.h; path = shared/EZAudio/EZAudio.h; sourceTree = "<group>"; };
		C527BECC2B915C9D008E2B74 /* EZOutput.h */ = {isa = PBXFileReference; fileEncoding = 4; lastKnownFileType = sourcecode.c.h; name = EZOutput.h; path = shared/EZAudio/EZOutput.h; sourceTree = "<group>"; };
		C527BECD2B915C9D008E2B74 /* EZAudioFloatData.m */ = {isa = PBXFileReference; fileEncoding = 4; lastKnownFileType = sourcecode.c.objc; name = EZAudioFloatData.m; path = shared/EZAudio/EZAudioFloatData.m; sourceTree = "<group>"; };
		C527BECE2B915C9D008E2B74 /* EZPlot.m */ = {isa = PBXFileReference; fileEncoding = 4; lastKnownFileType = sourcecode.c.objc; name = EZPlot.m; path = shared/EZAudio/EZPlot.m; sourceTree = "<group>"; };
		C527BECF2B915C9D008E2B74 /* EZAudioDevice.m */ = {isa = PBXFileReference; fileEncoding = 4; lastKnownFileType = sourcecode.c.objc; name = EZAudioDevice.m; path = shared/EZAudio/EZAudioDevice.m; sourceTree = "<group>"; };
		C527BED02B915C9D008E2B74 /* EZAudioFile.m */ = {isa = PBXFileReference; fileEncoding = 4; lastKnownFileType = sourcecode.c.objc; name = EZAudioFile.m; path = shared/EZAudio/EZAudioFile.m; sourceTree = "<group>"; };
		C527BED12B915C9D008E2B74 /* EZAudioFloatConverter.h */ = {isa = PBXFileReference; fileEncoding = 4; lastKnownFileType = sourcecode.c.h; name = EZAudioFloatConverter.h; path = shared/EZAudio/EZAudioFloatConverter.h; sourceTree = "<group>"; };
		C527BED22B915C9D008E2B74 /* EZAudio.m */ = {isa = PBXFileReference; fileEncoding = 4; lastKnownFileType = sourcecode.c.objc; name = EZAudio.m; path = shared/EZAudio/EZAudio.m; sourceTree = "<group>"; };
		C527BED32B915C9E008E2B74 /* EZAudioDisplayLink.m */ = {isa = PBXFileReference; fileEncoding = 4; lastKnownFileType = sourcecode.c.objc; name = EZAudioDisplayLink.m; path = shared/EZAudio/EZAudioDisplayLink.m; sourceTree = "<group>"; };
		C527BED42B915C9E008E2B74 /* EZOutput.m */ = {isa = PBXFileReference; fileEncoding = 4; lastKnownFileType = sourcecode.c.objc; name = EZOutput.m; path = shared/EZAudio/EZOutput.m; sourceTree = "<group>"; };
		C527BED52B915C9E008E2B74 /* EZAudioDevice.h */ = {isa = PBXFileReference; fileEncoding = 4; lastKnownFileType = sourcecode.c.h; name = EZAudioDevice.h; path = shared/EZAudio/EZAudioDevice.h; sourceTree = "<group>"; };
		C527BED62B915C9E008E2B74 /* EZAudioPlayer.m */ = {isa = PBXFileReference; fileEncoding = 4; lastKnownFileType = sourcecode.c.objc; name = EZAudioPlayer.m; path = shared/EZAudio/EZAudioPlayer.m; sourceTree = "<group>"; };
		C527BEEB2B915D11008E2B74 /* DPMainEqualizerView.m */ = {isa = PBXFileReference; fileEncoding = 4; lastKnownFileType = sourcecode.c.objc; name = DPMainEqualizerView.m; path = "shared/DisPlayers-Audio-Visualizers/DPMainEqualizerView.m"; sourceTree = "<group>"; };
		C527BEEC2B915D11008E2B74 /* DPRollingEqualizerView.h */ = {isa = PBXFileReference; fileEncoding = 4; lastKnownFileType = sourcecode.c.h; name = DPRollingEqualizerView.h; path = "shared/DisPlayers-Audio-Visualizers/DPRollingEqualizerView.h"; sourceTree = "<group>"; };
		C527BEED2B915D11008E2B74 /* DPWaveEqualizerView.m */ = {isa = PBXFileReference; fileEncoding = 4; lastKnownFileType = sourcecode.c.objc; name = DPWaveEqualizerView.m; path = "shared/DisPlayers-Audio-Visualizers/DPWaveEqualizerView.m"; sourceTree = "<group>"; };
		C527BEEE2B915D11008E2B74 /* DPMainEqualizerView.h */ = {isa = PBXFileReference; fileEncoding = 4; lastKnownFileType = sourcecode.c.h; name = DPMainEqualizerView.h; path = "shared/DisPlayers-Audio-Visualizers/DPMainEqualizerView.h"; sourceTree = "<group>"; };
		C527BEEF2B915D11008E2B74 /* DPConstants.h */ = {isa = PBXFileReference; fileEncoding = 4; lastKnownFileType = sourcecode.c.h; name = DPConstants.h; path = "shared/DisPlayers-Audio-Visualizers/DPConstants.h"; sourceTree = "<group>"; };
		C527BEF02B915D11008E2B74 /* DPAudioService.m */ = {isa = PBXFileReference; fileEncoding = 4; lastKnownFileType = sourcecode.c.objc; name = DPAudioService.m; path = "shared/DisPlayers-Audio-Visualizers/DPAudioService.m"; sourceTree = "<group>"; };
		C527BEF12B915D11008E2B74 /* DPRollingEqualizerView.m */ = {isa = PBXFileReference; fileEncoding = 4; lastKnownFileType = sourcecode.c.objc; name = DPRollingEqualizerView.m; path = "shared/DisPlayers-Audio-Visualizers/DPRollingEqualizerView.m"; sourceTree = "<group>"; };
		C527BEF22B915D11008E2B74 /* DPEqualizerSettings.h */ = {isa = PBXFileReference; fileEncoding = 4; lastKnownFileType = sourcecode.c.h; name = DPEqualizerSettings.h; path = "shared/DisPlayers-Audio-Visualizers/DPEqualizerSettings.h"; sourceTree = "<group>"; };
		C527BEF32B915D11008E2B74 /* DPHistogramEqualizerView.m */ = {isa = PBXFileReference; fileEncoding = 4; lastKnownFileType = sourcecode.c.objc; name = DPHistogramEqualizerView.m; path = "shared/DisPlayers-Audio-Visualizers/DPHistogramEqualizerView.m"; sourceTree = "<group>"; };
		C527BEF42B915D11008E2B74 /* DPWaveEqualizerView.h */ = {isa = PBXFileReference; fileEncoding = 4; lastKnownFileType = sourcecode.c.h; name = DPWaveEqualizerView.h; path = "shared/DisPlayers-Audio-Visualizers/DPWaveEqualizerView.h"; sourceTree = "<group>"; };
		C527BEF52B915D11008E2B74 /* DPCircleWaveEqualizer.m */ = {isa = PBXFileReference; fileEncoding = 4; lastKnownFileType = sourcecode.c.objc; name = DPCircleWaveEqualizer.m; path = "shared/DisPlayers-Audio-Visualizers/DPCircleWaveEqualizer.m"; sourceTree = "<group>"; };
		C527BEF62B915D11008E2B74 /* DPEqualizerSettings.m */ = {isa = PBXFileReference; fileEncoding = 4; lastKnownFileType = sourcecode.c.objc; name = DPEqualizerSettings.m; path = "shared/DisPlayers-Audio-Visualizers/DPEqualizerSettings.m"; sourceTree = "<group>"; };
		C527BEF72B915D11008E2B74 /* DPHistogramEqualizerView.h */ = {isa = PBXFileReference; fileEncoding = 4; lastKnownFileType = sourcecode.c.h; name = DPHistogramEqualizerView.h; path = "shared/DisPlayers-Audio-Visualizers/DPHistogramEqualizerView.h"; sourceTree = "<group>"; };
		C527BEF82B915D11008E2B74 /* DPConstants.m */ = {isa = PBXFileReference; fileEncoding = 4; lastKnownFileType = sourcecode.c.objc; name = DPConstants.m; path = "shared/DisPlayers-Audio-Visualizers/DPConstants.m"; sourceTree = "<group>"; };
		C527BEF92B915D11008E2B74 /* UIImage+DPGradientImage.h */ = {isa = PBXFileReference; fileEncoding = 4; lastKnownFileType = sourcecode.c.h; name = "UIImage+DPGradientImage.h"; path = "shared/DisPlayers-Audio-Visualizers/UIImage+DPGradientImage.h"; sourceTree = "<group>"; };
		C527BEFA2B915D11008E2B74 /* DPAudioService.h */ = {isa = PBXFileReference; fileEncoding = 4; lastKnownFileType = sourcecode.c.h; name = DPAudioService.h; path = "shared/DisPlayers-Audio-Visualizers/DPAudioService.h"; sourceTree = "<group>"; };
		C527BEFB2B915D11008E2B74 /* UIImage+DPGradientImage.m */ = {isa = PBXFileReference; fileEncoding = 4; lastKnownFileType = sourcecode.c.objc; name = "UIImage+DPGradientImage.m"; path = "shared/DisPlayers-Audio-Visualizers/UIImage+DPGradientImage.m"; sourceTree = "<group>"; };
		C527BEFC2B915D11008E2B74 /* DPCircleWaveEqualizer.h */ = {isa = PBXFileReference; fileEncoding = 4; lastKnownFileType = sourcecode.c.h; name = DPCircleWaveEqualizer.h; path = "shared/DisPlayers-Audio-Visualizers/DPCircleWaveEqualizer.h"; sourceTree = "<group>"; };
		C5357B2320602B750067413C /* LUAudioRecorder.h */ = {isa = PBXFileReference; lastKnownFileType = sourcecode.c.h; path = LUAudioRecorder.h; sourceTree = "<group>"; };
		C5357B2420602B750067413C /* LUAudioRecorder.m */ = {isa = PBXFileReference; lastKnownFileType = sourcecode.c.objc; path = LUAudioRecorder.m; sourceTree = "<group>"; };
		C54C8F662065A34F007F7565 /* UUColor.h */ = {isa = PBXFileReference; fileEncoding = 4; lastKnownFileType = sourcecode.c.h; name = UUColor.h; path = shared/UU/UUColor.h; sourceTree = SOURCE_ROOT; };
		C54C8F672065A34F007F7565 /* UUDictionary.h */ = {isa = PBXFileReference; fileEncoding = 4; lastKnownFileType = sourcecode.c.h; name = UUDictionary.h; path = shared/UU/UUDictionary.h; sourceTree = SOURCE_ROOT; };
		C54C8F682065A350007F7565 /* UUDictionary.m */ = {isa = PBXFileReference; fileEncoding = 4; lastKnownFileType = sourcecode.c.objc; name = UUDictionary.m; path = shared/UU/UUDictionary.m; sourceTree = SOURCE_ROOT; };
		C54C8F692065A350007F7565 /* UUHttpResponseHandler.m */ = {isa = PBXFileReference; fileEncoding = 4; lastKnownFileType = sourcecode.c.objc; name = UUHttpResponseHandler.m; path = shared/UU/UUHttpResponseHandler.m; sourceTree = SOURCE_ROOT; };
		C54C8F6A2065A350007F7565 /* UUHttpSession.h */ = {isa = PBXFileReference; fileEncoding = 4; lastKnownFileType = sourcecode.c.h; name = UUHttpSession.h; path = shared/UU/UUHttpSession.h; sourceTree = SOURCE_ROOT; };
		C54C8F6B2065A350007F7565 /* UUString.m */ = {isa = PBXFileReference; fileEncoding = 4; lastKnownFileType = sourcecode.c.objc; name = UUString.m; path = shared/UU/UUString.m; sourceTree = SOURCE_ROOT; };
		C54C8F6C2065A350007F7565 /* UUString.h */ = {isa = PBXFileReference; fileEncoding = 4; lastKnownFileType = sourcecode.c.h; name = UUString.h; path = shared/UU/UUString.h; sourceTree = SOURCE_ROOT; };
		C54C8F6D2065A350007F7565 /* UUHttpSession.m */ = {isa = PBXFileReference; fileEncoding = 4; lastKnownFileType = sourcecode.c.objc; name = UUHttpSession.m; path = shared/UU/UUHttpSession.m; sourceTree = SOURCE_ROOT; };
		C54C8F6E2065A350007F7565 /* UUHttpResponseHandler.h */ = {isa = PBXFileReference; fileEncoding = 4; lastKnownFileType = sourcecode.c.h; name = UUHttpResponseHandler.h; path = shared/UU/UUHttpResponseHandler.h; sourceTree = SOURCE_ROOT; };
		C54C8F6F2065A350007F7565 /* UUColor.m */ = {isa = PBXFileReference; fileEncoding = 4; lastKnownFileType = sourcecode.c.objc; name = UUColor.m; path = shared/UU/UUColor.m; sourceTree = SOURCE_ROOT; };
		C54C8F7E2065A3B3007F7565 /* SSKeychainQuery.h */ = {isa = PBXFileReference; fileEncoding = 4; lastKnownFileType = sourcecode.c.h; name = SSKeychainQuery.h; path = shared/SSKeychain/SSKeychainQuery.h; sourceTree = SOURCE_ROOT; };
		C54C8F7F2065A3B3007F7565 /* SSKeychain.h */ = {isa = PBXFileReference; fileEncoding = 4; lastKnownFileType = sourcecode.c.h; name = SSKeychain.h; path = shared/SSKeychain/SSKeychain.h; sourceTree = SOURCE_ROOT; };
		C54C8F802065A3B3007F7565 /* SSKeychainQuery.m */ = {isa = PBXFileReference; fileEncoding = 4; lastKnownFileType = sourcecode.c.objc; name = SSKeychainQuery.m; path = shared/SSKeychain/SSKeychainQuery.m; sourceTree = SOURCE_ROOT; };
		C54C8F812065A3B3007F7565 /* SSKeychain.m */ = {isa = PBXFileReference; fileEncoding = 4; lastKnownFileType = sourcecode.c.objc; name = SSKeychain.m; path = shared/SSKeychain/SSKeychain.m; sourceTree = SOURCE_ROOT; };
		C54C8F852065A3C4007F7565 /* PopoverView.m */ = {isa = PBXFileReference; fileEncoding = 4; lastKnownFileType = sourcecode.c.objc; name = PopoverView.m; path = shared/PopoverView/PopoverView.m; sourceTree = SOURCE_ROOT; };
		C54C8F862065A3C4007F7565 /* PopoverView_Configuration.h */ = {isa = PBXFileReference; fileEncoding = 4; lastKnownFileType = sourcecode.c.h; name = PopoverView_Configuration.h; path = shared/PopoverView/PopoverView_Configuration.h; sourceTree = SOURCE_ROOT; };
		C54C8F872065A3C4007F7565 /* PopoverView.h */ = {isa = PBXFileReference; fileEncoding = 4; lastKnownFileType = sourcecode.c.h; name = PopoverView.h; path = shared/PopoverView/PopoverView.h; sourceTree = SOURCE_ROOT; };
		C54C8F892065A3F6007F7565 /* RFClient.m */ = {isa = PBXFileReference; fileEncoding = 4; lastKnownFileType = sourcecode.c.objc; name = RFClient.m; path = shared/Microblog/RFClient.m; sourceTree = SOURCE_ROOT; };
		C54C8F8A2065A3F6007F7565 /* RFClient.h */ = {isa = PBXFileReference; fileEncoding = 4; lastKnownFileType = sourcecode.c.h; name = RFClient.h; path = shared/Microblog/RFClient.h; sourceTree = SOURCE_ROOT; };
		C54C8F8C2065A466007F7565 /* NSString+Extras.h */ = {isa = PBXFileReference; fileEncoding = 4; lastKnownFileType = sourcecode.c.h; name = "NSString+Extras.h"; path = "shared/Microblog/NSString+Extras.h"; sourceTree = SOURCE_ROOT; };
		C54C8F8D2065A466007F7565 /* NSString+Extras.m */ = {isa = PBXFileReference; fileEncoding = 4; lastKnownFileType = sourcecode.c.objc; name = "NSString+Extras.m"; path = "shared/Microblog/NSString+Extras.m"; sourceTree = SOURCE_ROOT; };
		C54C8F8F2065A4A6007F7565 /* UUAlert.h */ = {isa = PBXFileReference; fileEncoding = 4; lastKnownFileType = sourcecode.c.h; name = UUAlert.h; path = shared/UU/UUAlert.h; sourceTree = SOURCE_ROOT; };
		C54C8F902065A4A7007F7565 /* UUAlert.m */ = {isa = PBXFileReference; fileEncoding = 4; lastKnownFileType = sourcecode.c.objc; name = UUAlert.m; path = shared/UU/UUAlert.m; sourceTree = SOURCE_ROOT; };
		C54C8F922065B191007F7565 /* RFMicropub.m */ = {isa = PBXFileReference; fileEncoding = 4; lastKnownFileType = sourcecode.c.objc; name = RFMicropub.m; path = shared/Microblog/RFMicropub.m; sourceTree = SOURCE_ROOT; };
		C54C8F932065B191007F7565 /* RFMicropub.h */ = {isa = PBXFileReference; fileEncoding = 4; lastKnownFileType = sourcecode.c.h; name = RFMicropub.h; path = shared/Microblog/RFMicropub.h; sourceTree = SOURCE_ROOT; };
		C54C8F952065B233007F7565 /* RFSettings.h */ = {isa = PBXFileReference; fileEncoding = 4; lastKnownFileType = sourcecode.c.h; name = RFSettings.h; path = shared/Microblog/RFSettings.h; sourceTree = SOURCE_ROOT; };
		C54C8F962065B233007F7565 /* RFSettings.m */ = {isa = PBXFileReference; fileEncoding = 4; lastKnownFileType = sourcecode.c.objc; name = RFSettings.m; path = shared/Microblog/RFSettings.m; sourceTree = SOURCE_ROOT; };
		C54C8F982065B2CE007F7565 /* LUNotifications.h */ = {isa = PBXFileReference; lastKnownFileType = sourcecode.c.h; path = LUNotifications.h; sourceTree = "<group>"; };
		C54C8F992065D5C7007F7565 /* UUDate.h */ = {isa = PBXFileReference; fileEncoding = 4; lastKnownFileType = sourcecode.c.h; name = UUDate.h; path = shared/UU/UUDate.h; sourceTree = SOURCE_ROOT; };
		C54C8F9A2065D5C7007F7565 /* UUDate.m */ = {isa = PBXFileReference; fileEncoding = 4; lastKnownFileType = sourcecode.c.objc; name = UUDate.m; path = shared/UU/UUDate.m; sourceTree = SOURCE_ROOT; };
		C58A2EB820729B5A00DB0E04 /* Wavelength.entitlements */ = {isa = PBXFileReference; lastKnownFileType = text.plist.entitlements; path = Wavelength.entitlements; sourceTree = "<group>"; };
		C58A2EB920729B8E00DB0E04 /* CloudKit.framework */ = {isa = PBXFileReference; lastKnownFileType = wrapper.framework; name = CloudKit.framework; path = System/Library/Frameworks/CloudKit.framework; sourceTree = SDKROOT; };
		C58A2EBB2072A29900DB0E04 /* LUViewController.h */ = {isa = PBXFileReference; lastKnownFileType = sourcecode.c.h; path = LUViewController.h; sourceTree = "<group>"; };
		C58A2EBC2072A29900DB0E04 /* LUViewController.m */ = {isa = PBXFileReference; lastKnownFileType = sourcecode.c.objc; path = LUViewController.m; sourceTree = "<group>"; };
		C58A2ED92075347A00DB0E04 /* LUCreditsViewController.h */ = {isa = PBXFileReference; lastKnownFileType = sourcecode.c.h; path = LUCreditsViewController.h; sourceTree = "<group>"; };
		C58A2EDA2075347A00DB0E04 /* LUCreditsViewController.m */ = {isa = PBXFileReference; lastKnownFileType = sourcecode.c.objc; path = LUCreditsViewController.m; sourceTree = "<group>"; };
		C58A2EDC2075368500DB0E04 /* WebKit.framework */ = {isa = PBXFileReference; lastKnownFileType = wrapper.framework; name = WebKit.framework; path = System/Library/Frameworks/WebKit.framework; sourceTree = SDKROOT; };
		C58A2EDE2075370000DB0E04 /* credits.html */ = {isa = PBXFileReference; fileEncoding = 4; lastKnownFileType = text.html; name = credits.html; path = Files/credits.html; sourceTree = "<group>"; };
		C58A2EDF2075370000DB0E04 /* test.m4a */ = {isa = PBXFileReference; lastKnownFileType = file; name = test.m4a; path = Files/test.m4a; sourceTree = "<group>"; };
		C58A2EE22075393D00DB0E04 /* olive.jpg */ = {isa = PBXFileReference; lastKnownFileType = image.jpeg; name = olive.jpg; path = Files/olive.jpg; sourceTree = "<group>"; };
		C5DC3297205774A600D0594B /* Wavelength.app */ = {isa = PBXFileReference; explicitFileType = wrapper.application; includeInIndex = 0; path = Wavelength.app; sourceTree = BUILT_PRODUCTS_DIR; };
		C5DC329A205774A600D0594B /* LUAppDelegate.h */ = {isa = PBXFileReference; lastKnownFileType = sourcecode.c.h; path = LUAppDelegate.h; sourceTree = "<group>"; };
		C5DC329B205774A600D0594B /* LUAppDelegate.m */ = {isa = PBXFileReference; lastKnownFileType = sourcecode.c.objc; path = LUAppDelegate.m; sourceTree = "<group>"; };
		C5DC32A1205774A600D0594B /* Base */ = {isa = PBXFileReference; lastKnownFileType = file.storyboard; name = Base; path = Base.lproj/Main.storyboard; sourceTree = "<group>"; };
		C5DC32A3205774A600D0594B /* Assets.xcassets */ = {isa = PBXFileReference; lastKnownFileType = folder.assetcatalog; path = Assets.xcassets; sourceTree = "<group>"; };
		C5DC32A6205774A600D0594B /* Base */ = {isa = PBXFileReference; lastKnownFileType = file.storyboard; name = Base; path = Base.lproj/LaunchScreen.storyboard; sourceTree = "<group>"; };
		C5DC32A8205774A600D0594B /* Info.plist */ = {isa = PBXFileReference; lastKnownFileType = text.plist.xml; path = Info.plist; sourceTree = "<group>"; };
		C5DC32A9205774A600D0594B /* main.m */ = {isa = PBXFileReference; lastKnownFileType = sourcecode.c.objc; path = main.m; sourceTree = "<group>"; };
		C5DC32B8205780F000D0594B /* LUMainViewController.h */ = {isa = PBXFileReference; lastKnownFileType = sourcecode.c.h; path = LUMainViewController.h; sourceTree = "<group>"; };
		C5DC32B9205780F000D0594B /* LUMainViewController.m */ = {isa = PBXFileReference; lastKnownFileType = sourcecode.c.objc; path = LUMainViewController.m; sourceTree = "<group>"; };
		C5DC32BE20586E8500D0594B /* LUAudioClip.h */ = {isa = PBXFileReference; lastKnownFileType = sourcecode.c.h; path = LUAudioClip.h; sourceTree = "<group>"; };
		C5DC32BF20586E8500D0594B /* LUAudioClip.m */ = {isa = PBXFileReference; lastKnownFileType = sourcecode.c.objc; path = LUAudioClip.m; sourceTree = "<group>"; };
		C5E5A58D20646817006486FB /* LUSettingsViewController.h */ = {isa = PBXFileReference; lastKnownFileType = sourcecode.c.h; path = LUSettingsViewController.h; sourceTree = "<group>"; };
		C5E5A58E20646817006486FB /* LUSettingsViewController.m */ = {isa = PBXFileReference; lastKnownFileType = sourcecode.c.objc; path = LUSettingsViewController.m; sourceTree = "<group>"; };
		C5E5A5902064708E006486FB /* LULoginViewController.h */ = {isa = PBXFileReference; lastKnownFileType = sourcecode.c.h; path = LULoginViewController.h; sourceTree = "<group>"; };
		C5E5A5912064708E006486FB /* LULoginViewController.m */ = {isa = PBXFileReference; lastKnownFileType = sourcecode.c.objc; path = LULoginViewController.m; sourceTree = "<group>"; };
/* End PBXFileReference section */

/* Begin PBXFrameworksBuildPhase section */
		C5DC3294205774A600D0594B /* Frameworks */ = {
			isa = PBXFrameworksBuildPhase;
			buildActionMask = 2147483647;
			files = (
				C58A2EDD2075368500DB0E04 /* WebKit.framework in Frameworks */,
				C527BEA42B91590E008E2B74 /* UUSwiftUX in Frameworks */,
				4BB4E4832B936FB70069B917 /* FFmpeg-iOS-Lame in Frameworks */,
				C527BE9E2B9158EA008E2B74 /* UUSwiftNetworking in Frameworks */,
				C58A2EBA20729B8E00DB0E04 /* CloudKit.framework in Frameworks */,
				C527BEA12B915904008E2B74 /* UUSwiftImage in Frameworks */,
				C527BEA72B915930008E2B74 /* Snippets in Frameworks */,
				C527BE9B2B915895008E2B74 /* UUSwiftCore in Frameworks */,
			);
			runOnlyForDeploymentPostprocessing = 0;
		};
/* End PBXFrameworksBuildPhase section */

/* Begin PBXGroup section */
		4B024E612B9232DB002E0033 /* ExtAudioConverter */ = {
			isa = PBXGroup;
			children = (
				4B8F42182B925C140062BD12 /* ExtAudioConverter.h */,
				4B8F42172B925C140062BD12 /* ExtAudioConverter.m */,
			);
			name = ExtAudioConverter;
			sourceTree = "<group>";
		};
		4B74C963205D758B0050A105 /* Files */ = {
			isa = PBXGroup;
			children = (
				C58A2EE22075393D00DB0E04 /* olive.jpg */,
				C58A2EDE2075370000DB0E04 /* credits.html */,
				C58A2EDF2075370000DB0E04 /* test.m4a */,
			);
			name = Files;
			sourceTree = "<group>";
		};
		C527BEB42B915BDE008E2B74 /* EZAudio */ = {
			isa = PBXGroup;
			children = (
				C527BECB2B915C9D008E2B74 /* EZAudio.h */,
				C527BED22B915C9D008E2B74 /* EZAudio.m */,
				C527BED52B915C9E008E2B74 /* EZAudioDevice.h */,
				C527BECF2B915C9D008E2B74 /* EZAudioDevice.m */,
				C527BEB92B915C9D008E2B74 /* EZAudioDisplayLink.h */,
				C527BED32B915C9E008E2B74 /* EZAudioDisplayLink.m */,
				C527BEC82B915C9D008E2B74 /* EZAudioFFT.h */,
				C527BEB62B915C9D008E2B74 /* EZAudioFFT.m */,
				C527BEC32B915C9D008E2B74 /* EZAudioFile.h */,
				C527BED02B915C9D008E2B74 /* EZAudioFile.m */,
				C527BED12B915C9D008E2B74 /* EZAudioFloatConverter.h */,
				C527BEC22B915C9D008E2B74 /* EZAudioFloatConverter.m */,
				C527BEB72B915C9D008E2B74 /* EZAudioFloatData.h */,
				C527BECD2B915C9D008E2B74 /* EZAudioFloatData.m */,
				C527BEB82B915C9D008E2B74 /* EZAudioiOS.h */,
				C527BEC92B915C9D008E2B74 /* EZAudioOSX.h */,
				C527BEBE2B915C9D008E2B74 /* EZAudioPlayer.h */,
				C527BED62B915C9E008E2B74 /* EZAudioPlayer.m */,
				C527BEC02B915C9D008E2B74 /* EZAudioPlot.h */,
				C527BEBA2B915C9D008E2B74 /* EZAudioPlot.m */,
				C527BEBB2B915C9D008E2B74 /* EZAudioPlotGL.h */,
				C527BEB52B915C9D008E2B74 /* EZAudioPlotGL.m */,
				C527BEC12B915C9D008E2B74 /* EZAudioUtilities.h */,
				C527BEBF2B915C9D008E2B74 /* EZAudioUtilities.m */,
				C527BEBC2B915C9D008E2B74 /* EZMicrophone.h */,
				C527BECA2B915C9D008E2B74 /* EZMicrophone.m */,
				C527BECC2B915C9D008E2B74 /* EZOutput.h */,
				C527BED42B915C9E008E2B74 /* EZOutput.m */,
				C527BEC42B915C9D008E2B74 /* EZPlot.h */,
				C527BECE2B915C9D008E2B74 /* EZPlot.m */,
				C527BEBD2B915C9D008E2B74 /* EZRecorder.h */,
				C527BEC52B915C9D008E2B74 /* EZRecorder.m */,
				C527BEC72B915C9D008E2B74 /* TPCircularBuffer.c */,
				C527BEC62B915C9D008E2B74 /* TPCircularBuffer.h */,
			);
			name = EZAudio;
			sourceTree = "<group>";
		};
		C527BEEA2B915CF1008E2B74 /* DisPlayers-Audio-Visualizers */ = {
			isa = PBXGroup;
			children = (
				C527BEFA2B915D11008E2B74 /* DPAudioService.h */,
				C527BEF02B915D11008E2B74 /* DPAudioService.m */,
				C527BEFC2B915D11008E2B74 /* DPCircleWaveEqualizer.h */,
				C527BEF52B915D11008E2B74 /* DPCircleWaveEqualizer.m */,
				C527BEEF2B915D11008E2B74 /* DPConstants.h */,
				C527BEF82B915D11008E2B74 /* DPConstants.m */,
				C527BEF22B915D11008E2B74 /* DPEqualizerSettings.h */,
				C527BEF62B915D11008E2B74 /* DPEqualizerSettings.m */,
				C527BEF72B915D11008E2B74 /* DPHistogramEqualizerView.h */,
				C527BEF32B915D11008E2B74 /* DPHistogramEqualizerView.m */,
				C527BEEE2B915D11008E2B74 /* DPMainEqualizerView.h */,
				C527BEEB2B915D11008E2B74 /* DPMainEqualizerView.m */,
				C527BEEC2B915D11008E2B74 /* DPRollingEqualizerView.h */,
				C527BEF12B915D11008E2B74 /* DPRollingEqualizerView.m */,
				C527BEF42B915D11008E2B74 /* DPWaveEqualizerView.h */,
				C527BEED2B915D11008E2B74 /* DPWaveEqualizerView.m */,
				C527BEF92B915D11008E2B74 /* UIImage+DPGradientImage.h */,
				C527BEFB2B915D11008E2B74 /* UIImage+DPGradientImage.m */,
			);
			name = "DisPlayers-Audio-Visualizers";
			sourceTree = "<group>";
		};
		C54C8F642065A328007F7565 /* Shared */ = {
			isa = PBXGroup;
			children = (
				4B024E612B9232DB002E0033 /* ExtAudioConverter */,
				C527BEEA2B915CF1008E2B74 /* DisPlayers-Audio-Visualizers */,
				C527BEB42B915BDE008E2B74 /* EZAudio */,
				C54C8F842065A3B6007F7565 /* PopoverView */,
				C54C8F7D2065A39E007F7565 /* SSKeychain */,
				C54C8F7C2065A38C007F7565 /* Microblog */,
				C54C8F652065A330007F7565 /* UU */,
			);
			name = Shared;
			sourceTree = "<group>";
		};
		C54C8F652065A330007F7565 /* UU */ = {
			isa = PBXGroup;
			children = (
				C54C8F8F2065A4A6007F7565 /* UUAlert.h */,
				C54C8F902065A4A7007F7565 /* UUAlert.m */,
				C54C8F662065A34F007F7565 /* UUColor.h */,
				C54C8F6F2065A350007F7565 /* UUColor.m */,
				C54C8F992065D5C7007F7565 /* UUDate.h */,
				C54C8F9A2065D5C7007F7565 /* UUDate.m */,
				C54C8F672065A34F007F7565 /* UUDictionary.h */,
				C54C8F682065A350007F7565 /* UUDictionary.m */,
				C54C8F6E2065A350007F7565 /* UUHttpResponseHandler.h */,
				C54C8F692065A350007F7565 /* UUHttpResponseHandler.m */,
				C54C8F6A2065A350007F7565 /* UUHttpSession.h */,
				C54C8F6D2065A350007F7565 /* UUHttpSession.m */,
				C54C8F6C2065A350007F7565 /* UUString.h */,
				C54C8F6B2065A350007F7565 /* UUString.m */,
			);
			name = UU;
			sourceTree = "<group>";
		};
		C54C8F7C2065A38C007F7565 /* Microblog */ = {
			isa = PBXGroup;
			children = (
				C54C8F952065B233007F7565 /* RFSettings.h */,
				C54C8F962065B233007F7565 /* RFSettings.m */,
				C54C8F8C2065A466007F7565 /* NSString+Extras.h */,
				C54C8F8D2065A466007F7565 /* NSString+Extras.m */,
				C54C8F932065B191007F7565 /* RFMicropub.h */,
				C54C8F922065B191007F7565 /* RFMicropub.m */,
				C54C8F8A2065A3F6007F7565 /* RFClient.h */,
				C54C8F892065A3F6007F7565 /* RFClient.m */,
			);
			name = Microblog;
			sourceTree = "<group>";
		};
		C54C8F7D2065A39E007F7565 /* SSKeychain */ = {
			isa = PBXGroup;
			children = (
				C54C8F7F2065A3B3007F7565 /* SSKeychain.h */,
				C54C8F812065A3B3007F7565 /* SSKeychain.m */,
				C54C8F7E2065A3B3007F7565 /* SSKeychainQuery.h */,
				C54C8F802065A3B3007F7565 /* SSKeychainQuery.m */,
			);
			name = SSKeychain;
			sourceTree = "<group>";
		};
		C54C8F842065A3B6007F7565 /* PopoverView */ = {
			isa = PBXGroup;
			children = (
				C54C8F862065A3C4007F7565 /* PopoverView_Configuration.h */,
				C54C8F872065A3C4007F7565 /* PopoverView.h */,
				C54C8F852065A3C4007F7565 /* PopoverView.m */,
			);
			name = PopoverView;
			sourceTree = "<group>";
		};
		C5735FFE13F5B9B465C3FF2F /* Frameworks */ = {
			isa = PBXGroup;
			children = (
				C58A2EDC2075368500DB0E04 /* WebKit.framework */,
				C58A2EB920729B8E00DB0E04 /* CloudKit.framework */,
			);
			name = Frameworks;
			sourceTree = "<group>";
		};
		C5DC328E205774A600D0594B = {
			isa = PBXGroup;
			children = (
				C58A2EB820729B5A00DB0E04 /* Wavelength.entitlements */,
				C5DC3299205774A600D0594B /* Lumos */,
				4B74C963205D758B0050A105 /* Files */,
				C54C8F642065A328007F7565 /* Shared */,
				C5DC3298205774A600D0594B /* Products */,
				C5735FFE13F5B9B465C3FF2F /* Frameworks */,
			);
			sourceTree = "<group>";
		};
		C5DC3298205774A600D0594B /* Products */ = {
			isa = PBXGroup;
			children = (
				C5DC3297205774A600D0594B /* Wavelength.app */,
			);
			name = Products;
			sourceTree = "<group>";
		};
		C5DC3299205774A600D0594B /* Lumos */ = {
			isa = PBXGroup;
			children = (
				C54C8F982065B2CE007F7565 /* LUNotifications.h */,
				C5DC32BE20586E8500D0594B /* LUAudioClip.h */,
				C5DC32BF20586E8500D0594B /* LUAudioClip.m */,
				C5357B2320602B750067413C /* LUAudioRecorder.h */,
				C5357B2420602B750067413C /* LUAudioRecorder.m */,
				C5DC329A205774A600D0594B /* LUAppDelegate.h */,
				C5DC329B205774A600D0594B /* LUAppDelegate.m */,
				4B74C8C6205A26180050A105 /* LUEpisode.h */,
				4B74C8C7205A26180050A105 /* LUEpisode.m */,
				4B881CA820614AA2008A4C13 /* LUSegment.h */,
				4B881CA920614AA2008A4C13 /* LUSegment.m */,
				4B74C8C9205A27E90050A105 /* LUEpisodeCell.h */,
				4B74C8CA205A27E90050A105 /* LUEpisodeCell.m */,
				4B74C957205A3F4A0050A105 /* LUSegmentCell.h */,
				4B74C958205A3F4A0050A105 /* LUSegmentCell.m */,
				C58A2EBB2072A29900DB0E04 /* LUViewController.h */,
				C58A2EBC2072A29900DB0E04 /* LUViewController.m */,
				C5DC32B8205780F000D0594B /* LUMainViewController.h */,
				C5DC32B9205780F000D0594B /* LUMainViewController.m */,
				4B74C8C0205A23A40050A105 /* LUEditController.h */,
				4B74C8C1205A23A40050A105 /* LUEditController.m */,
				4B01D4E22074648900FD8A00 /* LUDeleteDropView.h */,
				4B01D4E32074648900FD8A00 /* LUDeleteDropView.m */,
				4B18F1C8206FEEDA00A91731 /* LUExportController.h */,
				4B18F1C9206FEEDA00A91731 /* LUExportController.m */,
				4B01D4DF2073DC2600FD8A00 /* LUExportTransition.h */,
				4B01D4E02073DC2600FD8A00 /* LUExportTransition.m */,
				4B74C8C3205A23D10050A105 /* LUPostController.h */,
				4B74C8C4205A23D10050A105 /* LUPostController.m */,
				4B881CA52061492B008A4C13 /* LUSplitController.h */,
				4B881CA62061492B008A4C13 /* LUSplitController.m */,
				C5E5A58D20646817006486FB /* LUSettingsViewController.h */,
				C5E5A58E20646817006486FB /* LUSettingsViewController.m */,
				C5E5A5902064708E006486FB /* LULoginViewController.h */,
				C5E5A5912064708E006486FB /* LULoginViewController.m */,
				4B01D4E52075E24D00FD8A00 /* LUSelectBlogController.h */,
				4B01D4E62075E24D00FD8A00 /* LUSelectBlogController.m */,
				4B01D4E82075E5C100FD8A00 /* LUBlogCell.h */,
				4B01D4E92075E5C100FD8A00 /* LUBlogCell.m */,
				4B18F1BB206E0E6100A91731 /* LUAuphonic.h */,
				4B18F1BC206E0E6100A91731 /* LUAuphonic.m */,
				4B18F1BE206E951200A91731 /* LUAuphonicController.h */,
				4B18F1BF206E951200A91731 /* LUAuphonicController.m */,
				C58A2ED92075347A00DB0E04 /* LUCreditsViewController.h */,
				C58A2EDA2075347A00DB0E04 /* LUCreditsViewController.m */,
				4B0BB177207DCB6A00A16FDD /* LUNavigationController.h */,
				4B0BB178207DCB6A00A16FDD /* LUNavigationController.m */,
				4BB4E4852B936FF90069B917 /* LUAudioFile.swift */,
				C5DC32BD2057810C00D0594B /* Supporting Files */,
				4BB4E4842B936FF90069B917 /* Wavelength-Bridging-Header.h */,
			);
			path = Lumos;
			sourceTree = "<group>";
		};
		C5DC32BD2057810C00D0594B /* Supporting Files */ = {
			isa = PBXGroup;
			children = (
				C5DC32A9205774A600D0594B /* main.m */,
				C5DC32A0205774A600D0594B /* Main.storyboard */,
				4B01D4EB2075F6DC00FD8A00 /* Blogs.storyboard */,
				C5DC32A5205774A600D0594B /* LaunchScreen.storyboard */,
				C5DC32A3205774A600D0594B /* Assets.xcassets */,
				C5DC32A8205774A600D0594B /* Info.plist */,
			);
			name = "Supporting Files";
			sourceTree = "<group>";
		};
/* End PBXGroup section */

/* Begin PBXNativeTarget section */
		C5DC3296205774A600D0594B /* Wavelength */ = {
			isa = PBXNativeTarget;
			buildConfigurationList = C5DC32AD205774A600D0594B /* Build configuration list for PBXNativeTarget "Wavelength" */;
			buildPhases = (
				C5DC3293205774A600D0594B /* Sources */,
				C5DC3294205774A600D0594B /* Frameworks */,
				C5DC3295205774A600D0594B /* Resources */,
				4B74C965205D75BB0050A105 /* CopyFiles */,
			);
			buildRules = (
			);
			dependencies = (
			);
			name = Wavelength;
			packageProductDependencies = (
				C527BE9A2B915895008E2B74 /* UUSwiftCore */,
				C527BE9D2B9158EA008E2B74 /* UUSwiftNetworking */,
				C527BEA02B915904008E2B74 /* UUSwiftImage */,
				C527BEA32B91590E008E2B74 /* UUSwiftUX */,
				C527BEA62B915930008E2B74 /* Snippets */,
				4BB4E4822B936FB70069B917 /* FFmpeg-iOS-Lame */,
			);
			productName = Lumos;
			productReference = C5DC3297205774A600D0594B /* Wavelength.app */;
			productType = "com.apple.product-type.application";
		};
/* End PBXNativeTarget section */

/* Begin PBXProject section */
		C5DC328F205774A600D0594B /* Project object */ = {
			isa = PBXProject;
			attributes = {
				LastUpgradeCheck = 0920;
				ORGANIZATIONNAME = "Jonathan Hays";
				TargetAttributes = {
					C5DC3296205774A600D0594B = {
						CreatedOnToolsVersion = 9.2;
						LastSwiftMigration = 1510;
						ProvisioningStyle = Automatic;
						SystemCapabilities = {
							com.apple.ApplicationGroups.iOS = {
								enabled = 1;
							};
							com.apple.Keychain = {
								enabled = 1;
							};
							com.apple.Push = {
								enabled = 1;
							};
							com.apple.iCloud = {
								enabled = 1;
							};
						};
					};
				};
			};
			buildConfigurationList = C5DC3292205774A600D0594B /* Build configuration list for PBXProject "Wavelength" */;
			compatibilityVersion = "Xcode 8.0";
			developmentRegion = en;
			hasScannedForEncodings = 0;
			knownRegions = (
				en,
				Base,
			);
			mainGroup = C5DC328E205774A600D0594B;
			packageReferences = (
				C527BE992B915895008E2B74 /* XCRemoteSwiftPackageReference "UUSwiftCore" */,
				C527BE9C2B9158EA008E2B74 /* XCRemoteSwiftPackageReference "UUSwiftNetworking" */,
				C527BE9F2B915904008E2B74 /* XCRemoteSwiftPackageReference "UUSwiftImage" */,
				C527BEA22B91590E008E2B74 /* XCRemoteSwiftPackageReference "UUSwiftUX" */,
				C527BEA52B915930008E2B74 /* XCRemoteSwiftPackageReference "snippets" */,
				4BB4E4812B936FB70069B917 /* XCRemoteSwiftPackageReference "FFmpeg-iOS-Lame" */,
			);
			productRefGroup = C5DC3298205774A600D0594B /* Products */;
			projectDirPath = "";
			projectRoot = "";
			targets = (
				C5DC3296205774A600D0594B /* Wavelength */,
			);
		};
/* End PBXProject section */

/* Begin PBXResourcesBuildPhase section */
		C5DC3295205774A600D0594B /* Resources */ = {
			isa = PBXResourcesBuildPhase;
			buildActionMask = 2147483647;
			files = (
				4B01D4ED2075F6DC00FD8A00 /* Blogs.storyboard in Resources */,
				C5DC32A7205774A600D0594B /* LaunchScreen.storyboard in Resources */,
				C58A2EE32075393D00DB0E04 /* olive.jpg in Resources */,
				C58A2EE02075370000DB0E04 /* credits.html in Resources */,
				C5DC32A4205774A600D0594B /* Assets.xcassets in Resources */,
				C58A2EE12075370000DB0E04 /* test.m4a in Resources */,
				C5DC32A2205774A600D0594B /* Main.storyboard in Resources */,
			);
			runOnlyForDeploymentPostprocessing = 0;
		};
/* End PBXResourcesBuildPhase section */

/* Begin PBXSourcesBuildPhase section */
		C5DC3293205774A600D0594B /* Sources */ = {
			isa = PBXSourcesBuildPhase;
			buildActionMask = 2147483647;
			files = (
				C54C8F732065A350007F7565 /* UUHttpSession.m in Sources */,
				C527BF032B915D11008E2B74 /* DPEqualizerSettings.m in Sources */,
				C5DC32AA205774A600D0594B /* main.m in Sources */,
				C54C8F8B2065A3F6007F7565 /* RFClient.m in Sources */,
				C527BF042B915D11008E2B74 /* DPConstants.m in Sources */,
				C527BF052B915D11008E2B74 /* UIImage+DPGradientImage.m in Sources */,
				C54C8F702065A350007F7565 /* UUDictionary.m in Sources */,
				C54C8F972065B233007F7565 /* RFSettings.m in Sources */,
				C527BF002B915D11008E2B74 /* DPRollingEqualizerView.m in Sources */,
				C527BEE32B915C9E008E2B74 /* EZAudio.m in Sources */,
				C527BED72B915C9E008E2B74 /* EZAudioPlotGL.m in Sources */,
				C54C8F942065B192007F7565 /* RFMicropub.m in Sources */,
				C527BEFE2B915D11008E2B74 /* DPWaveEqualizerView.m in Sources */,
				4B0BB179207DCB6A00A16FDD /* LUNavigationController.m in Sources */,
				4BB4E4862B936FF90069B917 /* LUAudioFile.swift in Sources */,
				4B01D4E72075E24D00FD8A00 /* LUSelectBlogController.m in Sources */,
				C54C8F722065A350007F7565 /* UUString.m in Sources */,
				C527BEE62B915C9E008E2B74 /* EZAudioPlayer.m in Sources */,
				C527BEE02B915C9E008E2B74 /* EZPlot.m in Sources */,
				C54C8F882065A3C4007F7565 /* PopoverView.m in Sources */,
				C527BEFD2B915D11008E2B74 /* DPMainEqualizerView.m in Sources */,
				4B881CA72061492C008A4C13 /* LUSplitController.m in Sources */,
				C5DC32C020586E8500D0594B /* LUAudioClip.m in Sources */,
				4B18F1BD206E0E6100A91731 /* LUAuphonic.m in Sources */,
				C527BEDF2B915C9E008E2B74 /* EZAudioFloatData.m in Sources */,
				C54C8F742065A350007F7565 /* UUColor.m in Sources */,
				C527BED82B915C9E008E2B74 /* EZAudioFFT.m in Sources */,
				4B74C959205A3F4A0050A105 /* LUSegmentCell.m in Sources */,
				4B74C8C5205A23D10050A105 /* LUPostController.m in Sources */,
				C58A2EBD2072A29900DB0E04 /* LUViewController.m in Sources */,
				C54C8F822065A3B3007F7565 /* SSKeychainQuery.m in Sources */,
				4B74C8C2205A23A40050A105 /* LUEditController.m in Sources */,
				C527BEE42B915C9E008E2B74 /* EZAudioDisplayLink.m in Sources */,
				4B74C8CB205A27E90050A105 /* LUEpisodeCell.m in Sources */,
				4B18F1C0206E951200A91731 /* LUAuphonicController.m in Sources */,
				4B01D4E42074648900FD8A00 /* LUDeleteDropView.m in Sources */,
				C527BEDD2B915C9E008E2B74 /* TPCircularBuffer.c in Sources */,
				C527BEE22B915C9E008E2B74 /* EZAudioFile.m in Sources */,
				C527BED92B915C9E008E2B74 /* EZAudioPlot.m in Sources */,
				C54C8F8E2065A466007F7565 /* NSString+Extras.m in Sources */,
				C5DC32BB205780F000D0594B /* LUMainViewController.m in Sources */,
				C54C8F712065A350007F7565 /* UUHttpResponseHandler.m in Sources */,
				4B18F1CA206FEEDA00A91731 /* LUExportController.m in Sources */,
				4B01D4EA2075E5C100FD8A00 /* LUBlogCell.m in Sources */,
				C527BEE52B915C9E008E2B74 /* EZOutput.m in Sources */,
				C5E5A58F20646817006486FB /* LUSettingsViewController.m in Sources */,
				C54C8F912065A4A7007F7565 /* UUAlert.m in Sources */,
				C5E5A5922064708E006486FB /* LULoginViewController.m in Sources */,
				4B01D4E12073DC2600FD8A00 /* LUExportTransition.m in Sources */,
				4B74C8C8205A26180050A105 /* LUEpisode.m in Sources */,
				C527BEDE2B915C9E008E2B74 /* EZMicrophone.m in Sources */,
				C527BEDC2B915C9E008E2B74 /* EZRecorder.m in Sources */,
				C527BF022B915D11008E2B74 /* DPCircleWaveEqualizer.m in Sources */,
				C58A2EDB2075347A00DB0E04 /* LUCreditsViewController.m in Sources */,
				4B881CAA20614AA2008A4C13 /* LUSegment.m in Sources */,
				C54C8F832065A3B3007F7565 /* SSKeychain.m in Sources */,
				C5DC329C205774A600D0594B /* LUAppDelegate.m in Sources */,
				C527BEDA2B915C9E008E2B74 /* EZAudioUtilities.m in Sources */,
				C527BEDB2B915C9E008E2B74 /* EZAudioFloatConverter.m in Sources */,
				C527BEFF2B915D11008E2B74 /* DPAudioService.m in Sources */,
				C527BF012B915D11008E2B74 /* DPHistogramEqualizerView.m in Sources */,
				C5357B2520602B750067413C /* LUAudioRecorder.m in Sources */,
				C54C8F9B2065D5C8007F7565 /* UUDate.m in Sources */,
				C527BEE12B915C9E008E2B74 /* EZAudioDevice.m in Sources */,
			);
			runOnlyForDeploymentPostprocessing = 0;
		};
/* End PBXSourcesBuildPhase section */

/* Begin PBXVariantGroup section */
		4B01D4EB2075F6DC00FD8A00 /* Blogs.storyboard */ = {
			isa = PBXVariantGroup;
			children = (
				4B01D4EC2075F6DC00FD8A00 /* Base */,
			);
			name = Blogs.storyboard;
			sourceTree = "<group>";
		};
		C5DC32A0205774A600D0594B /* Main.storyboard */ = {
			isa = PBXVariantGroup;
			children = (
				C5DC32A1205774A600D0594B /* Base */,
			);
			name = Main.storyboard;
			sourceTree = "<group>";
		};
		C5DC32A5205774A600D0594B /* LaunchScreen.storyboard */ = {
			isa = PBXVariantGroup;
			children = (
				C5DC32A6205774A600D0594B /* Base */,
			);
			name = LaunchScreen.storyboard;
			sourceTree = "<group>";
		};
/* End PBXVariantGroup section */

/* Begin XCBuildConfiguration section */
		C5DC32AB205774A600D0594B /* Debug */ = {
			isa = XCBuildConfiguration;
			buildSettings = {
				ALWAYS_SEARCH_USER_PATHS = NO;
				CLANG_ANALYZER_NONNULL = YES;
				CLANG_ANALYZER_NUMBER_OBJECT_CONVERSION = YES_AGGRESSIVE;
				CLANG_CXX_LANGUAGE_STANDARD = "gnu++14";
				CLANG_CXX_LIBRARY = "libc++";
				CLANG_ENABLE_MODULES = YES;
				CLANG_ENABLE_OBJC_ARC = YES;
				CLANG_WARN_BLOCK_CAPTURE_AUTORELEASING = YES;
				CLANG_WARN_BOOL_CONVERSION = YES;
				CLANG_WARN_COMMA = YES;
				CLANG_WARN_CONSTANT_CONVERSION = YES;
				CLANG_WARN_DIRECT_OBJC_ISA_USAGE = YES_ERROR;
				CLANG_WARN_DOCUMENTATION_COMMENTS = YES;
				CLANG_WARN_EMPTY_BODY = YES;
				CLANG_WARN_ENUM_CONVERSION = YES;
				CLANG_WARN_INFINITE_RECURSION = YES;
				CLANG_WARN_INT_CONVERSION = YES;
				CLANG_WARN_NON_LITERAL_NULL_CONVERSION = YES;
				CLANG_WARN_OBJC_LITERAL_CONVERSION = YES;
				CLANG_WARN_OBJC_ROOT_CLASS = YES_ERROR;
				CLANG_WARN_RANGE_LOOP_ANALYSIS = YES;
				CLANG_WARN_STRICT_PROTOTYPES = YES;
				CLANG_WARN_SUSPICIOUS_MOVE = YES;
				CLANG_WARN_UNGUARDED_AVAILABILITY = YES_AGGRESSIVE;
				CLANG_WARN_UNREACHABLE_CODE = YES;
				CLANG_WARN__DUPLICATE_METHOD_MATCH = YES;
				CODE_SIGN_IDENTITY = "iPhone Developer";
				COPY_PHASE_STRIP = NO;
				DEBUG_INFORMATION_FORMAT = dwarf;
				ENABLE_BITCODE = NO;
				ENABLE_STRICT_OBJC_MSGSEND = YES;
				ENABLE_TESTABILITY = YES;
				GCC_C_LANGUAGE_STANDARD = gnu11;
				GCC_DYNAMIC_NO_PIC = NO;
				GCC_NO_COMMON_BLOCKS = YES;
				GCC_OPTIMIZATION_LEVEL = 0;
				GCC_PREPROCESSOR_DEFINITIONS = (
					"DEBUG=1",
					"$(inherited)",
				);
				GCC_WARN_64_TO_32_BIT_CONVERSION = YES;
				GCC_WARN_ABOUT_RETURN_TYPE = YES_ERROR;
				GCC_WARN_UNDECLARED_SELECTOR = YES;
				GCC_WARN_UNINITIALIZED_AUTOS = YES_AGGRESSIVE;
				GCC_WARN_UNUSED_FUNCTION = YES;
				GCC_WARN_UNUSED_VARIABLE = YES;
				IPHONEOS_DEPLOYMENT_TARGET = 15.0;
				MTL_ENABLE_DEBUG_INFO = YES;
				ONLY_ACTIVE_ARCH = YES;
				SDKROOT = iphoneos;
			};
			name = Debug;
		};
		C5DC32AC205774A600D0594B /* Release */ = {
			isa = XCBuildConfiguration;
			buildSettings = {
				ALWAYS_SEARCH_USER_PATHS = NO;
				CLANG_ANALYZER_NONNULL = YES;
				CLANG_ANALYZER_NUMBER_OBJECT_CONVERSION = YES_AGGRESSIVE;
				CLANG_CXX_LANGUAGE_STANDARD = "gnu++14";
				CLANG_CXX_LIBRARY = "libc++";
				CLANG_ENABLE_MODULES = YES;
				CLANG_ENABLE_OBJC_ARC = YES;
				CLANG_WARN_BLOCK_CAPTURE_AUTORELEASING = YES;
				CLANG_WARN_BOOL_CONVERSION = YES;
				CLANG_WARN_COMMA = YES;
				CLANG_WARN_CONSTANT_CONVERSION = YES;
				CLANG_WARN_DIRECT_OBJC_ISA_USAGE = YES_ERROR;
				CLANG_WARN_DOCUMENTATION_COMMENTS = YES;
				CLANG_WARN_EMPTY_BODY = YES;
				CLANG_WARN_ENUM_CONVERSION = YES;
				CLANG_WARN_INFINITE_RECURSION = YES;
				CLANG_WARN_INT_CONVERSION = YES;
				CLANG_WARN_NON_LITERAL_NULL_CONVERSION = YES;
				CLANG_WARN_OBJC_LITERAL_CONVERSION = YES;
				CLANG_WARN_OBJC_ROOT_CLASS = YES_ERROR;
				CLANG_WARN_RANGE_LOOP_ANALYSIS = YES;
				CLANG_WARN_STRICT_PROTOTYPES = YES;
				CLANG_WARN_SUSPICIOUS_MOVE = YES;
				CLANG_WARN_UNGUARDED_AVAILABILITY = YES_AGGRESSIVE;
				CLANG_WARN_UNREACHABLE_CODE = YES;
				CLANG_WARN__DUPLICATE_METHOD_MATCH = YES;
				CODE_SIGN_IDENTITY = "iPhone Developer";
				COPY_PHASE_STRIP = NO;
				DEBUG_INFORMATION_FORMAT = "dwarf-with-dsym";
				ENABLE_BITCODE = NO;
				ENABLE_NS_ASSERTIONS = NO;
				ENABLE_STRICT_OBJC_MSGSEND = YES;
				GCC_C_LANGUAGE_STANDARD = gnu11;
				GCC_NO_COMMON_BLOCKS = YES;
				GCC_WARN_64_TO_32_BIT_CONVERSION = YES;
				GCC_WARN_ABOUT_RETURN_TYPE = YES_ERROR;
				GCC_WARN_UNDECLARED_SELECTOR = YES;
				GCC_WARN_UNINITIALIZED_AUTOS = YES_AGGRESSIVE;
				GCC_WARN_UNUSED_FUNCTION = YES;
				GCC_WARN_UNUSED_VARIABLE = YES;
				IPHONEOS_DEPLOYMENT_TARGET = 15.0;
				MTL_ENABLE_DEBUG_INFO = NO;
				SDKROOT = iphoneos;
				VALIDATE_PRODUCT = YES;
			};
			name = Release;
		};
		C5DC32AE205774A600D0594B /* Debug */ = {
			isa = XCBuildConfiguration;
			buildSettings = {
				ASSETCATALOG_COMPILER_APPICON_NAME = AppIcon;
				CLANG_ENABLE_MODULES = YES;
				CODE_SIGN_ENTITLEMENTS = Wavelength.entitlements;
				CODE_SIGN_STYLE = Automatic;
				CURRENT_PROJECT_VERSION = 25;
				DEVELOPMENT_TEAM = 3F9MDJ6K4E;
				FRAMEWORK_SEARCH_PATHS = (
					"$(inherited)",
					"$(PROJECT_DIR)",
					"$(PROJECT_DIR)/shared",
				);
				INFOPLIST_FILE = Lumos/Info.plist;
				IPHONEOS_DEPLOYMENT_TARGET = 15.0;
				LD_RUNPATH_SEARCH_PATHS = (
					"$(inherited)",
					"@executable_path/Frameworks",
				);
				LIBRARY_SEARCH_PATHS = (
					"$(inherited)",
					"$(PROJECT_DIR)/shared/ExtAudioFileConverter/ExtAudioConverter",
					"$(PROJECT_DIR)/shared/ExtAudioFileConverter/lame",
				);
				MARKETING_VERSION = 1.2;
				PRODUCT_BUNDLE_IDENTIFIER = blog.micro.wavelength;
				PRODUCT_NAME = "$(TARGET_NAME)";
				SWIFT_OBJC_BRIDGING_HEADER = "Lumos/Wavelength-Bridging-Header.h";
				SWIFT_OPTIMIZATION_LEVEL = "-Onone";
				SWIFT_VERSION = 5.0;
				TARGETED_DEVICE_FAMILY = 1;
			};
			name = Debug;
		};
		C5DC32AF205774A600D0594B /* Release */ = {
			isa = XCBuildConfiguration;
			buildSettings = {
				ASSETCATALOG_COMPILER_APPICON_NAME = AppIcon;
				CLANG_ENABLE_MODULES = YES;
				CODE_SIGN_ENTITLEMENTS = Wavelength.entitlements;
				CODE_SIGN_STYLE = Automatic;
				CURRENT_PROJECT_VERSION = 25;
				DEVELOPMENT_TEAM = 3F9MDJ6K4E;
				FRAMEWORK_SEARCH_PATHS = (
					"$(inherited)",
					"$(PROJECT_DIR)",
					"$(PROJECT_DIR)/shared",
				);
				INFOPLIST_FILE = Lumos/Info.plist;
				IPHONEOS_DEPLOYMENT_TARGET = 15.0;
				LD_RUNPATH_SEARCH_PATHS = (
					"$(inherited)",
					"@executable_path/Frameworks",
				);
				LIBRARY_SEARCH_PATHS = (
					"$(inherited)",
					"$(PROJECT_DIR)/shared/ExtAudioFileConverter/ExtAudioConverter",
					"$(PROJECT_DIR)/shared/ExtAudioFileConverter/lame",
				);
				MARKETING_VERSION = 1.2;
				PRODUCT_BUNDLE_IDENTIFIER = blog.micro.wavelength;
				PRODUCT_NAME = "$(TARGET_NAME)";
				SWIFT_OBJC_BRIDGING_HEADER = "Lumos/Wavelength-Bridging-Header.h";
				SWIFT_VERSION = 5.0;
				TARGETED_DEVICE_FAMILY = 1;
			};
			name = Release;
		};
/* End XCBuildConfiguration section */

/* Begin XCConfigurationList section */
		C5DC3292205774A600D0594B /* Build configuration list for PBXProject "Wavelength" */ = {
			isa = XCConfigurationList;
			buildConfigurations = (
				C5DC32AB205774A600D0594B /* Debug */,
				C5DC32AC205774A600D0594B /* Release */,
			);
			defaultConfigurationIsVisible = 0;
			defaultConfigurationName = Release;
		};
		C5DC32AD205774A600D0594B /* Build configuration list for PBXNativeTarget "Wavelength" */ = {
			isa = XCConfigurationList;
			buildConfigurations = (
				C5DC32AE205774A600D0594B /* Debug */,
				C5DC32AF205774A600D0594B /* Release */,
			);
			defaultConfigurationIsVisible = 0;
			defaultConfigurationName = Release;
		};
/* End XCConfigurationList section */

/* Begin XCRemoteSwiftPackageReference section */
		4BB4E4812B936FB70069B917 /* XCRemoteSwiftPackageReference "FFmpeg-iOS-Lame" */ = {
			isa = XCRemoteSwiftPackageReference;
			repositoryURL = "https://github.com/kewlbear/FFmpeg-iOS-Lame";
			requirement = {
				branch = main;
				kind = branch;
			};
		};
		C527BE992B915895008E2B74 /* XCRemoteSwiftPackageReference "UUSwiftCore" */ = {
			isa = XCRemoteSwiftPackageReference;
			repositoryURL = "https://github.com/SilverPineSoftware/UUSwiftCore";
			requirement = {
				kind = upToNextMajorVersion;
				minimumVersion = 1.1.9;
			};
		};
		C527BE9C2B9158EA008E2B74 /* XCRemoteSwiftPackageReference "UUSwiftNetworking" */ = {
			isa = XCRemoteSwiftPackageReference;
			repositoryURL = "https://github.com/SilverPineSoftware/UUSwiftNetworking";
			requirement = {
				kind = upToNextMajorVersion;
				minimumVersion = 1.3.8;
			};
		};
		C527BE9F2B915904008E2B74 /* XCRemoteSwiftPackageReference "UUSwiftImage" */ = {
			isa = XCRemoteSwiftPackageReference;
			repositoryURL = "https://github.com/SilverPineSoftware/UUSwiftImage";
			requirement = {
				kind = upToNextMajorVersion;
				minimumVersion = 1.1.2;
			};
		};
		C527BEA22B91590E008E2B74 /* XCRemoteSwiftPackageReference "UUSwiftUX" */ = {
			isa = XCRemoteSwiftPackageReference;
			repositoryURL = "https://github.com/SilverPineSoftware/UUSwiftUX";
			requirement = {
				kind = upToNextMajorVersion;
				minimumVersion = 1.0.10;
			};
		};
		C527BEA52B915930008E2B74 /* XCRemoteSwiftPackageReference "snippets" */ = {
			isa = XCRemoteSwiftPackageReference;
			repositoryURL = "https://github.com/microdotblog/snippets";
			requirement = {
				kind = upToNextMajorVersion;
				minimumVersion = 1.1.4;
			};
		};
/* End XCRemoteSwiftPackageReference section */

/* Begin XCSwiftPackageProductDependency section */
		4BB4E4822B936FB70069B917 /* FFmpeg-iOS-Lame */ = {
			isa = XCSwiftPackageProductDependency;
			package = 4BB4E4812B936FB70069B917 /* XCRemoteSwiftPackageReference "FFmpeg-iOS-Lame" */;
			productName = "FFmpeg-iOS-Lame";
		};
		C527BE9A2B915895008E2B74 /* UUSwiftCore */ = {
			isa = XCSwiftPackageProductDependency;
			package = C527BE992B915895008E2B74 /* XCRemoteSwiftPackageReference "UUSwiftCore" */;
			productName = UUSwiftCore;
		};
		C527BE9D2B9158EA008E2B74 /* UUSwiftNetworking */ = {
			isa = XCSwiftPackageProductDependency;
			package = C527BE9C2B9158EA008E2B74 /* XCRemoteSwiftPackageReference "UUSwiftNetworking" */;
			productName = UUSwiftNetworking;
		};
		C527BEA02B915904008E2B74 /* UUSwiftImage */ = {
			isa = XCSwiftPackageProductDependency;
			package = C527BE9F2B915904008E2B74 /* XCRemoteSwiftPackageReference "UUSwiftImage" */;
			productName = UUSwiftImage;
		};
		C527BEA32B91590E008E2B74 /* UUSwiftUX */ = {
			isa = XCSwiftPackageProductDependency;
			package = C527BEA22B91590E008E2B74 /* XCRemoteSwiftPackageReference "UUSwiftUX" */;
			productName = UUSwiftUX;
		};
		C527BEA62B915930008E2B74 /* Snippets */ = {
			isa = XCSwiftPackageProductDependency;
			package = C527BEA52B915930008E2B74 /* XCRemoteSwiftPackageReference "snippets" */;
			productName = Snippets;
		};
/* End XCSwiftPackageProductDependency section */
	};
	rootObject = C5DC328F205774A600D0594B /* Project object */;
}
